// !$*UTF8*$!
{
	archiveVersion = 1;
	classes = {
	};
	objectVersion = 56;
	objects = {

/* Begin PBXBuildFile section */
		033E9C102AFCE0860051A9E8 /* Image.xcassets in Resources */ = {isa = PBXBuildFile; fileRef = 033E9C0F2AFCE0860051A9E8 /* Image.xcassets */; };
		033E9C132AFD2F630051A9E8 /* CustomNavigationBar.swift in Sources */ = {isa = PBXBuildFile; fileRef = 033E9C122AFD2F630051A9E8 /* CustomNavigationBar.swift */; };
		033E9C182AFE33A80051A9E8 /* HomeCaveView.swift in Sources */ = {isa = PBXBuildFile; fileRef = 033E9C172AFE33A80051A9E8 /* HomeCaveView.swift */; };
		033E9C1B2AFE606E0051A9E8 /* CaveCollectionViewCell.swift in Sources */ = {isa = PBXBuildFile; fileRef = 033E9C1A2AFE606E0051A9E8 /* CaveCollectionViewCell.swift */; };
		033E9C1E2AFE63D40051A9E8 /* HomeViewModel.swift in Sources */ = {isa = PBXBuildFile; fileRef = 033E9C1D2AFE63D40051A9E8 /* HomeViewModel.swift */; };
		033E9C202AFE725D0051A9E8 /* CaveProfileModel.swift in Sources */ = {isa = PBXBuildFile; fileRef = 033E9C1F2AFE725D0051A9E8 /* CaveProfileModel.swift */; };
		035DB2A72B00E6F200161872 /* InsightListView.swift in Sources */ = {isa = PBXBuildFile; fileRef = 035DB2A62B00E6F200161872 /* InsightListView.swift */; };
		035DB2A92B00ED5600161872 /* ScrapOnlyButton.swift in Sources */ = {isa = PBXBuildFile; fileRef = 035DB2A82B00ED5600161872 /* ScrapOnlyButton.swift */; };
		035DB2AB2B00FF2400161872 /* InsightListCollectionViewCell.swift in Sources */ = {isa = PBXBuildFile; fileRef = 035DB2AA2B00FF2400161872 /* InsightListCollectionViewCell.swift */; };
		03B9AC542AF55FF900A5751C /* GeneralResponse.swift in Sources */ = {isa = PBXBuildFile; fileRef = 03B9AC532AF55FF900A5751C /* GeneralResponse.swift */; };
		03B9AC562AF5608900A5751C /* NetworkLoggerPlugin.swift in Sources */ = {isa = PBXBuildFile; fileRef = 03B9AC552AF5608900A5751C /* NetworkLoggerPlugin.swift */; };
		03B9AC592AF560D800A5751C /* Config.swift in Sources */ = {isa = PBXBuildFile; fileRef = 03B9AC582AF560D800A5751C /* Config.swift */; };
		03B9AC5B2AF5610D00A5751C /* APIConstant.swift in Sources */ = {isa = PBXBuildFile; fileRef = 03B9AC5A2AF5610D00A5751C /* APIConstant.swift */; };
		03B9AC5D2AF5614A00A5751C /* URLConstant.swift in Sources */ = {isa = PBXBuildFile; fileRef = 03B9AC5C2AF5614A00A5751C /* URLConstant.swift */; };
		03B9AC602AF561AD00A5751C /* API.swift in Sources */ = {isa = PBXBuildFile; fileRef = 03B9AC5F2AF561AD00A5751C /* API.swift */; };
		03B9AC622AF5624D00A5751C /* DTO.swift in Sources */ = {isa = PBXBuildFile; fileRef = 03B9AC612AF5624D00A5751C /* DTO.swift */; };
		03B9AC642AF562D000A5751C /* UIView+.swift in Sources */ = {isa = PBXBuildFile; fileRef = 03B9AC632AF562D000A5751C /* UIView+.swift */; };
		03B9AC662AF5630200A5751C /* NSObject+.swift in Sources */ = {isa = PBXBuildFile; fileRef = 03B9AC652AF5630200A5751C /* NSObject+.swift */; };
		03B9AC682AF5635800A5751C /* String+.swift in Sources */ = {isa = PBXBuildFile; fileRef = 03B9AC672AF5635800A5751C /* String+.swift */; };
		03B9AC6A2AF5638700A5751C /* UIResponder+.swift in Sources */ = {isa = PBXBuildFile; fileRef = 03B9AC692AF5638700A5751C /* UIResponder+.swift */; };
		03B9AC6C2AF563C200A5751C /* UIColor+.swift in Sources */ = {isa = PBXBuildFile; fileRef = 03B9AC6B2AF563C200A5751C /* UIColor+.swift */; };
		03B9AC6E2AF563E200A5751C /* UIImage+.swift in Sources */ = {isa = PBXBuildFile; fileRef = 03B9AC6D2AF563E200A5751C /* UIImage+.swift */; };
		03B9AC702AF563F300A5751C /* UIViewController+.swift in Sources */ = {isa = PBXBuildFile; fileRef = 03B9AC6F2AF563F300A5751C /* UIViewController+.swift */; };
		03B9AC722AF5646000A5751C /* UITextField+.swift in Sources */ = {isa = PBXBuildFile; fileRef = 03B9AC712AF5646000A5751C /* UITextField+.swift */; };
		03B9AC742AF5648900A5751C /* UITextView+.swift in Sources */ = {isa = PBXBuildFile; fileRef = 03B9AC732AF5648900A5751C /* UITextView+.swift */; };
		03B9AC762AF564AE00A5751C /* UIStackView+.swift in Sources */ = {isa = PBXBuildFile; fileRef = 03B9AC752AF564AE00A5751C /* UIStackView+.swift */; };
		03B9AC782AF564C400A5751C /* UILabel+.swift in Sources */ = {isa = PBXBuildFile; fileRef = 03B9AC772AF564C400A5751C /* UILabel+.swift */; };
		03B9AC7A2AF564FC00A5751C /* UITableView+.swift in Sources */ = {isa = PBXBuildFile; fileRef = 03B9AC792AF564FC00A5751C /* UITableView+.swift */; };
		03B9AC7C2AF5651600A5751C /* UITabBar+.swift in Sources */ = {isa = PBXBuildFile; fileRef = 03B9AC7B2AF5651600A5751C /* UITabBar+.swift */; };
		03B9AC7E2AF5652E00A5751C /* UIButton+.swift in Sources */ = {isa = PBXBuildFile; fileRef = 03B9AC7D2AF5652E00A5751C /* UIButton+.swift */; };
		03B9AC802AF5657500A5751C /* ColorLiterals.swift in Sources */ = {isa = PBXBuildFile; fileRef = 03B9AC7F2AF5657500A5751C /* ColorLiterals.swift */; };
		03B9AC822AF5658F00A5751C /* FontLiterals.swift in Sources */ = {isa = PBXBuildFile; fileRef = 03B9AC812AF5658F00A5751C /* FontLiterals.swift */; };
		03B9AC842AF565A300A5751C /* ImageLiterals.swift in Sources */ = {isa = PBXBuildFile; fileRef = 03B9AC832AF565A300A5751C /* ImageLiterals.swift */; };
		03B9AC862AF565BA00A5751C /* SizeLiterals.swift in Sources */ = {isa = PBXBuildFile; fileRef = 03B9AC852AF565BA00A5751C /* SizeLiterals.swift */; };
		03B9AC882AF565CA00A5751C /* StringLiterals.swift in Sources */ = {isa = PBXBuildFile; fileRef = 03B9AC872AF565CA00A5751C /* StringLiterals.swift */; };
		03B9AC8B2AF5660D00A5751C /* Protocol.swift in Sources */ = {isa = PBXBuildFile; fileRef = 03B9AC8A2AF5660D00A5751C /* Protocol.swift */; };
		03B9AC8D2AF5663C00A5751C /* Font.swift in Sources */ = {isa = PBXBuildFile; fileRef = 03B9AC8C2AF5663C00A5751C /* Font.swift */; };
		03B9AC8F2AF5667300A5751C /* MakeVibrate.swift in Sources */ = {isa = PBXBuildFile; fileRef = 03B9AC8E2AF5667300A5751C /* MakeVibrate.swift */; };
		03B9AC912AF5669600A5751C /* MakeAlert.swift in Sources */ = {isa = PBXBuildFile; fileRef = 03B9AC902AF5669600A5751C /* MakeAlert.swift */; };
		03B9AC932AF566B300A5751C /* ButtonPress.swift in Sources */ = {isa = PBXBuildFile; fileRef = 03B9AC922AF566B300A5751C /* ButtonPress.swift */; };
		03B9AC952AF566C800A5751C /* BlurredLabel.swift in Sources */ = {isa = PBXBuildFile; fileRef = 03B9AC942AF566C800A5751C /* BlurredLabel.swift */; };
		03B9AC9B2AF7A96000A5751C /* TabBarController.swift in Sources */ = {isa = PBXBuildFile; fileRef = 03B9AC9A2AF7A96000A5751C /* TabBarController.swift */; };
		03B9AC9D2AF7A9EB00A5751C /* TabBarItem.swift in Sources */ = {isa = PBXBuildFile; fileRef = 03B9AC9C2AF7A9EB00A5751C /* TabBarItem.swift */; };
		03B9ACA12AF7B25B00A5751C /* HomeViewController.swift in Sources */ = {isa = PBXBuildFile; fileRef = 03B9ACA02AF7B25B00A5751C /* HomeViewController.swift */; };
		03B9ACA62AF7B2A200A5751C /* ActionListViewController.swift in Sources */ = {isa = PBXBuildFile; fileRef = 03B9ACA52AF7B2A200A5751C /* ActionListViewController.swift */; };
		03B9ACA92AF7B2B000A5751C /* MypageViewController.swift in Sources */ = {isa = PBXBuildFile; fileRef = 03B9ACA82AF7B2B000A5751C /* MypageViewController.swift */; };
		03E481002AF2AFDC002F4CBC /* AppDelegate.swift in Sources */ = {isa = PBXBuildFile; fileRef = 03E480FF2AF2AFDC002F4CBC /* AppDelegate.swift */; };
		03E481022AF2AFDC002F4CBC /* SceneDelegate.swift in Sources */ = {isa = PBXBuildFile; fileRef = 03E481012AF2AFDC002F4CBC /* SceneDelegate.swift */; };
		03E481092AF2AFDD002F4CBC /* Assets.xcassets in Resources */ = {isa = PBXBuildFile; fileRef = 03E481082AF2AFDD002F4CBC /* Assets.xcassets */; };
		03E4810C2AF2AFDD002F4CBC /* LaunchScreen.storyboard in Resources */ = {isa = PBXBuildFile; fileRef = 03E4810A2AF2AFDD002F4CBC /* LaunchScreen.storyboard */; };
		03E481152AF2B126002F4CBC /* RxCocoa in Frameworks */ = {isa = PBXBuildFile; productRef = 03E481142AF2B126002F4CBC /* RxCocoa */; };
		03E481172AF2B126002F4CBC /* RxRelay in Frameworks */ = {isa = PBXBuildFile; productRef = 03E481162AF2B126002F4CBC /* RxRelay */; };
		03E481192AF2B126002F4CBC /* RxSwift in Frameworks */ = {isa = PBXBuildFile; productRef = 03E481182AF2B126002F4CBC /* RxSwift */; };
		03E4811C2AF2B130002F4CBC /* Then in Frameworks */ = {isa = PBXBuildFile; productRef = 03E4811B2AF2B130002F4CBC /* Then */; };
		03E4811F2AF2B13A002F4CBC /* SnapKit in Frameworks */ = {isa = PBXBuildFile; productRef = 03E4811E2AF2B13A002F4CBC /* SnapKit */; };
		03E481222AF2B1DA002F4CBC /* Moya in Frameworks */ = {isa = PBXBuildFile; productRef = 03E481212AF2B1DA002F4CBC /* Moya */; };
		03E481242AF2B1DA002F4CBC /* RxMoya in Frameworks */ = {isa = PBXBuildFile; productRef = 03E481232AF2B1DA002F4CBC /* RxMoya */; };
/* End PBXBuildFile section */

/* Begin PBXFileReference section */
		033E9C0F2AFCE0860051A9E8 /* Image.xcassets */ = {isa = PBXFileReference; lastKnownFileType = folder.assetcatalog; path = Image.xcassets; sourceTree = "<group>"; };
		033E9C122AFD2F630051A9E8 /* CustomNavigationBar.swift */ = {isa = PBXFileReference; lastKnownFileType = sourcecode.swift; path = CustomNavigationBar.swift; sourceTree = "<group>"; };
		033E9C172AFE33A80051A9E8 /* HomeCaveView.swift */ = {isa = PBXFileReference; lastKnownFileType = sourcecode.swift; path = HomeCaveView.swift; sourceTree = "<group>"; };
		033E9C1A2AFE606E0051A9E8 /* CaveCollectionViewCell.swift */ = {isa = PBXFileReference; lastKnownFileType = sourcecode.swift; path = CaveCollectionViewCell.swift; sourceTree = "<group>"; };
		033E9C1D2AFE63D40051A9E8 /* HomeViewModel.swift */ = {isa = PBXFileReference; lastKnownFileType = sourcecode.swift; path = HomeViewModel.swift; sourceTree = "<group>"; };
		033E9C1F2AFE725D0051A9E8 /* CaveProfileModel.swift */ = {isa = PBXFileReference; lastKnownFileType = sourcecode.swift; path = CaveProfileModel.swift; sourceTree = "<group>"; };
		035DB2A62B00E6F200161872 /* InsightListView.swift */ = {isa = PBXFileReference; lastKnownFileType = sourcecode.swift; path = InsightListView.swift; sourceTree = "<group>"; };
		035DB2A82B00ED5600161872 /* ScrapOnlyButton.swift */ = {isa = PBXFileReference; lastKnownFileType = sourcecode.swift; path = ScrapOnlyButton.swift; sourceTree = "<group>"; };
		035DB2AA2B00FF2400161872 /* InsightListCollectionViewCell.swift */ = {isa = PBXFileReference; lastKnownFileType = sourcecode.swift; path = InsightListCollectionViewCell.swift; sourceTree = "<group>"; };
		03B9AC532AF55FF900A5751C /* GeneralResponse.swift */ = {isa = PBXFileReference; lastKnownFileType = sourcecode.swift; path = GeneralResponse.swift; sourceTree = "<group>"; };
		03B9AC552AF5608900A5751C /* NetworkLoggerPlugin.swift */ = {isa = PBXFileReference; lastKnownFileType = sourcecode.swift; path = NetworkLoggerPlugin.swift; sourceTree = "<group>"; };
		03B9AC582AF560D800A5751C /* Config.swift */ = {isa = PBXFileReference; lastKnownFileType = sourcecode.swift; path = Config.swift; sourceTree = "<group>"; };
		03B9AC5A2AF5610D00A5751C /* APIConstant.swift */ = {isa = PBXFileReference; lastKnownFileType = sourcecode.swift; path = APIConstant.swift; sourceTree = "<group>"; };
		03B9AC5C2AF5614A00A5751C /* URLConstant.swift */ = {isa = PBXFileReference; lastKnownFileType = sourcecode.swift; path = URLConstant.swift; sourceTree = "<group>"; };
		03B9AC5F2AF561AD00A5751C /* API.swift */ = {isa = PBXFileReference; lastKnownFileType = sourcecode.swift; path = API.swift; sourceTree = "<group>"; };
		03B9AC612AF5624D00A5751C /* DTO.swift */ = {isa = PBXFileReference; lastKnownFileType = sourcecode.swift; path = DTO.swift; sourceTree = "<group>"; };
		03B9AC632AF562D000A5751C /* UIView+.swift */ = {isa = PBXFileReference; lastKnownFileType = sourcecode.swift; path = "UIView+.swift"; sourceTree = "<group>"; };
		03B9AC652AF5630200A5751C /* NSObject+.swift */ = {isa = PBXFileReference; lastKnownFileType = sourcecode.swift; path = "NSObject+.swift"; sourceTree = "<group>"; };
		03B9AC672AF5635800A5751C /* String+.swift */ = {isa = PBXFileReference; lastKnownFileType = sourcecode.swift; path = "String+.swift"; sourceTree = "<group>"; };
		03B9AC692AF5638700A5751C /* UIResponder+.swift */ = {isa = PBXFileReference; lastKnownFileType = sourcecode.swift; path = "UIResponder+.swift"; sourceTree = "<group>"; };
		03B9AC6B2AF563C200A5751C /* UIColor+.swift */ = {isa = PBXFileReference; lastKnownFileType = sourcecode.swift; path = "UIColor+.swift"; sourceTree = "<group>"; };
		03B9AC6D2AF563E200A5751C /* UIImage+.swift */ = {isa = PBXFileReference; lastKnownFileType = sourcecode.swift; path = "UIImage+.swift"; sourceTree = "<group>"; };
		03B9AC6F2AF563F300A5751C /* UIViewController+.swift */ = {isa = PBXFileReference; lastKnownFileType = sourcecode.swift; path = "UIViewController+.swift"; sourceTree = "<group>"; };
		03B9AC712AF5646000A5751C /* UITextField+.swift */ = {isa = PBXFileReference; lastKnownFileType = sourcecode.swift; path = "UITextField+.swift"; sourceTree = "<group>"; };
		03B9AC732AF5648900A5751C /* UITextView+.swift */ = {isa = PBXFileReference; lastKnownFileType = sourcecode.swift; path = "UITextView+.swift"; sourceTree = "<group>"; };
		03B9AC752AF564AE00A5751C /* UIStackView+.swift */ = {isa = PBXFileReference; lastKnownFileType = sourcecode.swift; path = "UIStackView+.swift"; sourceTree = "<group>"; };
		03B9AC772AF564C400A5751C /* UILabel+.swift */ = {isa = PBXFileReference; lastKnownFileType = sourcecode.swift; path = "UILabel+.swift"; sourceTree = "<group>"; };
		03B9AC792AF564FC00A5751C /* UITableView+.swift */ = {isa = PBXFileReference; lastKnownFileType = sourcecode.swift; path = "UITableView+.swift"; sourceTree = "<group>"; };
		03B9AC7B2AF5651600A5751C /* UITabBar+.swift */ = {isa = PBXFileReference; lastKnownFileType = sourcecode.swift; path = "UITabBar+.swift"; sourceTree = "<group>"; };
		03B9AC7D2AF5652E00A5751C /* UIButton+.swift */ = {isa = PBXFileReference; lastKnownFileType = sourcecode.swift; path = "UIButton+.swift"; sourceTree = "<group>"; };
		03B9AC7F2AF5657500A5751C /* ColorLiterals.swift */ = {isa = PBXFileReference; lastKnownFileType = sourcecode.swift; path = ColorLiterals.swift; sourceTree = "<group>"; };
		03B9AC812AF5658F00A5751C /* FontLiterals.swift */ = {isa = PBXFileReference; lastKnownFileType = sourcecode.swift; path = FontLiterals.swift; sourceTree = "<group>"; };
		03B9AC832AF565A300A5751C /* ImageLiterals.swift */ = {isa = PBXFileReference; lastKnownFileType = sourcecode.swift; path = ImageLiterals.swift; sourceTree = "<group>"; };
		03B9AC852AF565BA00A5751C /* SizeLiterals.swift */ = {isa = PBXFileReference; lastKnownFileType = sourcecode.swift; path = SizeLiterals.swift; sourceTree = "<group>"; };
		03B9AC872AF565CA00A5751C /* StringLiterals.swift */ = {isa = PBXFileReference; lastKnownFileType = sourcecode.swift; path = StringLiterals.swift; sourceTree = "<group>"; };
		03B9AC8A2AF5660D00A5751C /* Protocol.swift */ = {isa = PBXFileReference; lastKnownFileType = sourcecode.swift; path = Protocol.swift; sourceTree = "<group>"; };
		03B9AC8C2AF5663C00A5751C /* Font.swift */ = {isa = PBXFileReference; lastKnownFileType = sourcecode.swift; path = Font.swift; sourceTree = "<group>"; };
		03B9AC8E2AF5667300A5751C /* MakeVibrate.swift */ = {isa = PBXFileReference; lastKnownFileType = sourcecode.swift; path = MakeVibrate.swift; sourceTree = "<group>"; };
		03B9AC902AF5669600A5751C /* MakeAlert.swift */ = {isa = PBXFileReference; lastKnownFileType = sourcecode.swift; path = MakeAlert.swift; sourceTree = "<group>"; };
		03B9AC922AF566B300A5751C /* ButtonPress.swift */ = {isa = PBXFileReference; lastKnownFileType = sourcecode.swift; path = ButtonPress.swift; sourceTree = "<group>"; };
		03B9AC942AF566C800A5751C /* BlurredLabel.swift */ = {isa = PBXFileReference; lastKnownFileType = sourcecode.swift; path = BlurredLabel.swift; sourceTree = "<group>"; };
		03B9AC9A2AF7A96000A5751C /* TabBarController.swift */ = {isa = PBXFileReference; lastKnownFileType = sourcecode.swift; path = TabBarController.swift; sourceTree = "<group>"; };
		03B9AC9C2AF7A9EB00A5751C /* TabBarItem.swift */ = {isa = PBXFileReference; lastKnownFileType = sourcecode.swift; path = TabBarItem.swift; sourceTree = "<group>"; };
		03B9ACA02AF7B25B00A5751C /* HomeViewController.swift */ = {isa = PBXFileReference; lastKnownFileType = sourcecode.swift; path = HomeViewController.swift; sourceTree = "<group>"; };
		03B9ACA52AF7B2A200A5751C /* ActionListViewController.swift */ = {isa = PBXFileReference; lastKnownFileType = sourcecode.swift; path = ActionListViewController.swift; sourceTree = "<group>"; };
		03B9ACA82AF7B2B000A5751C /* MypageViewController.swift */ = {isa = PBXFileReference; lastKnownFileType = sourcecode.swift; path = MypageViewController.swift; sourceTree = "<group>"; };
		03E480FC2AF2AFDC002F4CBC /* Growthook.app */ = {isa = PBXFileReference; explicitFileType = wrapper.application; includeInIndex = 0; path = Growthook.app; sourceTree = BUILT_PRODUCTS_DIR; };
		03E480FF2AF2AFDC002F4CBC /* AppDelegate.swift */ = {isa = PBXFileReference; lastKnownFileType = sourcecode.swift; path = AppDelegate.swift; sourceTree = "<group>"; };
		03E481012AF2AFDC002F4CBC /* SceneDelegate.swift */ = {isa = PBXFileReference; lastKnownFileType = sourcecode.swift; path = SceneDelegate.swift; sourceTree = "<group>"; };
		03E481082AF2AFDD002F4CBC /* Assets.xcassets */ = {isa = PBXFileReference; lastKnownFileType = folder.assetcatalog; path = Assets.xcassets; sourceTree = "<group>"; };
		03E4810B2AF2AFDD002F4CBC /* Base */ = {isa = PBXFileReference; lastKnownFileType = file.storyboard; name = Base; path = Base.lproj/LaunchScreen.storyboard; sourceTree = "<group>"; };
		03E4810D2AF2AFDD002F4CBC /* Info.plist */ = {isa = PBXFileReference; lastKnownFileType = text.plist.xml; path = Info.plist; sourceTree = "<group>"; };
/* End PBXFileReference section */

/* Begin PBXFrameworksBuildPhase section */
		03E480F92AF2AFDC002F4CBC /* Frameworks */ = {
			isa = PBXFrameworksBuildPhase;
			buildActionMask = 2147483647;
			files = (
				03E481192AF2B126002F4CBC /* RxSwift in Frameworks */,
				03E481172AF2B126002F4CBC /* RxRelay in Frameworks */,
				03E481222AF2B1DA002F4CBC /* Moya in Frameworks */,
				03E481152AF2B126002F4CBC /* RxCocoa in Frameworks */,
				03E481242AF2B1DA002F4CBC /* RxMoya in Frameworks */,
				03E4811C2AF2B130002F4CBC /* Then in Frameworks */,
				03E4811F2AF2B13A002F4CBC /* SnapKit in Frameworks */,
			);
			runOnlyForDeploymentPostprocessing = 0;
		};
/* End PBXFrameworksBuildPhase section */

/* Begin PBXGroup section */
		033E9C112AFD2F230051A9E8 /* UIComponents */ = {
			isa = PBXGroup;
			children = (
				033E9C122AFD2F630051A9E8 /* CustomNavigationBar.swift */,
				035DB2A82B00ED5600161872 /* ScrapOnlyButton.swift */,
			);
			path = UIComponents;
			sourceTree = "<group>";
		};
		033E9C142AFE30350051A9E8 /* View */ = {
			isa = PBXGroup;
			children = (
				033E9C172AFE33A80051A9E8 /* HomeCaveView.swift */,
				035DB2A62B00E6F200161872 /* InsightListView.swift */,
			);
			path = View;
			sourceTree = "<group>";
		};
		033E9C192AFE60570051A9E8 /* Cell */ = {
			isa = PBXGroup;
			children = (
				033E9C1A2AFE606E0051A9E8 /* CaveCollectionViewCell.swift */,
				035DB2AA2B00FF2400161872 /* InsightListCollectionViewCell.swift */,
			);
			path = Cell;
			sourceTree = "<group>";
		};
		033E9C1C2AFE63C80051A9E8 /* Model */ = {
			isa = PBXGroup;
			children = (
				033E9C1D2AFE63D40051A9E8 /* HomeViewModel.swift */,
				033E9C1F2AFE725D0051A9E8 /* CaveProfileModel.swift */,
			);
			path = Model;
			sourceTree = "<group>";
		};
		03B9AC472AF55CA000A5751C /* Application */ = {
			isa = PBXGroup;
			children = (
				03E480FF2AF2AFDC002F4CBC /* AppDelegate.swift */,
				03E481012AF2AFDC002F4CBC /* SceneDelegate.swift */,
			);
			path = Application;
			sourceTree = "<group>";
		};
		03B9AC482AF55E1E00A5751C /* Network */ = {
			isa = PBXGroup;
			children = (
				03B9AC5E2AF561A200A5751C /* API */,
				03B9AC522AF55FBB00A5751C /* Base */,
				03B9AC572AF560C000A5751C /* Enviornment */,
			);
			path = Network;
			sourceTree = "<group>";
		};
		03B9AC492AF55E3300A5751C /* Data */ = {
			isa = PBXGroup;
			children = (
				03B9AC612AF5624D00A5751C /* DTO.swift */,
			);
			path = Data;
			sourceTree = "<group>";
		};
		03B9AC4A2AF55E3D00A5751C /* Presentation */ = {
			isa = PBXGroup;
			children = (
				03B9AC982AF7A86800A5751C /* Common */,
				03B9AC9E2AF7B15E00A5751C /* Home */,
				03B9ACA22AF7B27600A5751C /* ActionList */,
				03B9ACA32AF7B28200A5751C /* Mypage */,
			);
			path = Presentation;
			sourceTree = "<group>";
		};
		03B9AC4B2AF55E7E00A5751C /* Global */ = {
			isa = PBXGroup;
			children = (
				03B9AC4F2AF55EF300A5751C /* Extension */,
				03B9AC502AF55EFA00A5751C /* Literals */,
				03B9AC892AF565FE00A5751C /* Protocols */,
				03B9AC4C2AF55E9D00A5751C /* Resource */,
				03B9AC512AF55F0A00A5751C /* Utils */,
			);
			path = Global;
			sourceTree = "<group>";
		};
		03B9AC4C2AF55E9D00A5751C /* Resource */ = {
			isa = PBXGroup;
			children = (
				03B9AC4D2AF55EA100A5751C /* AssetCatalog */,
				03B9AC4E2AF55EB300A5751C /* Font */,
				03E4810A2AF2AFDD002F4CBC /* LaunchScreen.storyboard */,
			);
			path = Resource;
			sourceTree = "<group>";
		};
		03B9AC4D2AF55EA100A5751C /* AssetCatalog */ = {
			isa = PBXGroup;
			children = (
				03E481082AF2AFDD002F4CBC /* Assets.xcassets */,
				033E9C0F2AFCE0860051A9E8 /* Image.xcassets */,
			);
			path = AssetCatalog;
			sourceTree = "<group>";
		};
		03B9AC4E2AF55EB300A5751C /* Font */ = {
			isa = PBXGroup;
			children = (
				03B9AC8C2AF5663C00A5751C /* Font.swift */,
			);
			path = Font;
			sourceTree = "<group>";
		};
		03B9AC4F2AF55EF300A5751C /* Extension */ = {
			isa = PBXGroup;
			children = (
				03B9AC672AF5635800A5751C /* String+.swift */,
				03B9AC652AF5630200A5751C /* NSObject+.swift */,
				03B9AC632AF562D000A5751C /* UIView+.swift */,
				03B9AC692AF5638700A5751C /* UIResponder+.swift */,
				03B9AC6B2AF563C200A5751C /* UIColor+.swift */,
				03B9AC6D2AF563E200A5751C /* UIImage+.swift */,
				03B9AC6F2AF563F300A5751C /* UIViewController+.swift */,
				03B9AC712AF5646000A5751C /* UITextField+.swift */,
				03B9AC732AF5648900A5751C /* UITextView+.swift */,
				03B9AC752AF564AE00A5751C /* UIStackView+.swift */,
				03B9AC772AF564C400A5751C /* UILabel+.swift */,
				03B9AC792AF564FC00A5751C /* UITableView+.swift */,
				03B9AC7B2AF5651600A5751C /* UITabBar+.swift */,
				03B9AC7D2AF5652E00A5751C /* UIButton+.swift */,
			);
			path = Extension;
			sourceTree = "<group>";
		};
		03B9AC502AF55EFA00A5751C /* Literals */ = {
			isa = PBXGroup;
			children = (
				03B9AC7F2AF5657500A5751C /* ColorLiterals.swift */,
				03B9AC812AF5658F00A5751C /* FontLiterals.swift */,
				03B9AC832AF565A300A5751C /* ImageLiterals.swift */,
				03B9AC852AF565BA00A5751C /* SizeLiterals.swift */,
				03B9AC872AF565CA00A5751C /* StringLiterals.swift */,
			);
			path = Literals;
			sourceTree = "<group>";
		};
		03B9AC512AF55F0A00A5751C /* Utils */ = {
			isa = PBXGroup;
			children = (
				03B9AC8E2AF5667300A5751C /* MakeVibrate.swift */,
				03B9AC902AF5669600A5751C /* MakeAlert.swift */,
				03B9AC922AF566B300A5751C /* ButtonPress.swift */,
				03B9AC942AF566C800A5751C /* BlurredLabel.swift */,
			);
			path = Utils;
			sourceTree = "<group>";
		};
		03B9AC522AF55FBB00A5751C /* Base */ = {
			isa = PBXGroup;
			children = (
				03B9AC532AF55FF900A5751C /* GeneralResponse.swift */,
				03B9AC552AF5608900A5751C /* NetworkLoggerPlugin.swift */,
				03B9AC5A2AF5610D00A5751C /* APIConstant.swift */,
				03B9AC5C2AF5614A00A5751C /* URLConstant.swift */,
			);
			path = Base;
			sourceTree = "<group>";
		};
		03B9AC572AF560C000A5751C /* Enviornment */ = {
			isa = PBXGroup;
			children = (
				03B9AC582AF560D800A5751C /* Config.swift */,
			);
			path = Enviornment;
			sourceTree = "<group>";
		};
		03B9AC5E2AF561A200A5751C /* API */ = {
			isa = PBXGroup;
			children = (
				03B9AC5F2AF561AD00A5751C /* API.swift */,
			);
			path = API;
			sourceTree = "<group>";
		};
		03B9AC892AF565FE00A5751C /* Protocols */ = {
			isa = PBXGroup;
			children = (
				03B9AC8A2AF5660D00A5751C /* Protocol.swift */,
			);
			path = Protocols;
			sourceTree = "<group>";
		};
		03B9AC982AF7A86800A5751C /* Common */ = {
			isa = PBXGroup;
			children = (
				033E9C112AFD2F230051A9E8 /* UIComponents */,
				03B9AC992AF7A89500A5751C /* TabBar */,
			);
			path = Common;
			sourceTree = "<group>";
		};
		03B9AC992AF7A89500A5751C /* TabBar */ = {
			isa = PBXGroup;
			children = (
				03B9AC9A2AF7A96000A5751C /* TabBarController.swift */,
				03B9AC9C2AF7A9EB00A5751C /* TabBarItem.swift */,
			);
			path = TabBar;
			sourceTree = "<group>";
		};
		03B9AC9E2AF7B15E00A5751C /* Home */ = {
			isa = PBXGroup;
			children = (
				033E9C1C2AFE63C80051A9E8 /* Model */,
				033E9C142AFE30350051A9E8 /* View */,
				03B9AC9F2AF7B24200A5751C /* ViewController */,
				033E9C192AFE60570051A9E8 /* Cell */,
			);
			path = Home;
			sourceTree = "<group>";
		};
		03B9AC9F2AF7B24200A5751C /* ViewController */ = {
			isa = PBXGroup;
			children = (
				03B9ACA02AF7B25B00A5751C /* HomeViewController.swift */,
			);
			path = ViewController;
			sourceTree = "<group>";
		};
		03B9ACA22AF7B27600A5751C /* ActionList */ = {
			isa = PBXGroup;
			children = (
				03B9ACA42AF7B29800A5751C /* ViewController */,
			);
			path = ActionList;
			sourceTree = "<group>";
		};
		03B9ACA32AF7B28200A5751C /* Mypage */ = {
			isa = PBXGroup;
			children = (
				03B9ACA72AF7B2A600A5751C /* ViewController */,
			);
			path = Mypage;
			sourceTree = "<group>";
		};
		03B9ACA42AF7B29800A5751C /* ViewController */ = {
			isa = PBXGroup;
			children = (
				03B9ACA52AF7B2A200A5751C /* ActionListViewController.swift */,
			);
			path = ViewController;
			sourceTree = "<group>";
		};
		03B9ACA72AF7B2A600A5751C /* ViewController */ = {
			isa = PBXGroup;
			children = (
				03B9ACA82AF7B2B000A5751C /* MypageViewController.swift */,
			);
			path = ViewController;
			sourceTree = "<group>";
		};
		03E480F32AF2AFDC002F4CBC = {
			isa = PBXGroup;
			children = (
				03E480FE2AF2AFDC002F4CBC /* Growthook */,
				03E480FD2AF2AFDC002F4CBC /* Products */,
			);
			sourceTree = "<group>";
		};
		03E480FD2AF2AFDC002F4CBC /* Products */ = {
			isa = PBXGroup;
			children = (
				03E480FC2AF2AFDC002F4CBC /* Growthook.app */,
			);
			name = Products;
			sourceTree = "<group>";
		};
		03E480FE2AF2AFDC002F4CBC /* Growthook */ = {
			isa = PBXGroup;
			children = (
				03B9AC472AF55CA000A5751C /* Application */,
				03B9AC492AF55E3300A5751C /* Data */,
				03B9AC482AF55E1E00A5751C /* Network */,
				03B9AC4A2AF55E3D00A5751C /* Presentation */,
				03B9AC4B2AF55E7E00A5751C /* Global */,
				03E4810D2AF2AFDD002F4CBC /* Info.plist */,
			);
			path = Growthook;
			sourceTree = "<group>";
		};
/* End PBXGroup section */

/* Begin PBXNativeTarget section */
		03E480FB2AF2AFDC002F4CBC /* Growthook */ = {
			isa = PBXNativeTarget;
			buildConfigurationList = 03E481102AF2AFDD002F4CBC /* Build configuration list for PBXNativeTarget "Growthook" */;
			buildPhases = (
				03E480F82AF2AFDC002F4CBC /* Sources */,
				03E480F92AF2AFDC002F4CBC /* Frameworks */,
				03E480FA2AF2AFDC002F4CBC /* Resources */,
			);
			buildRules = (
			);
			dependencies = (
			);
			name = Growthook;
			packageProductDependencies = (
				03E481142AF2B126002F4CBC /* RxCocoa */,
				03E481162AF2B126002F4CBC /* RxRelay */,
				03E481182AF2B126002F4CBC /* RxSwift */,
				03E4811B2AF2B130002F4CBC /* Then */,
				03E4811E2AF2B13A002F4CBC /* SnapKit */,
				03E481212AF2B1DA002F4CBC /* Moya */,
				03E481232AF2B1DA002F4CBC /* RxMoya */,
			);
			productName = Growthook;
			productReference = 03E480FC2AF2AFDC002F4CBC /* Growthook.app */;
			productType = "com.apple.product-type.application";
		};
/* End PBXNativeTarget section */

/* Begin PBXProject section */
		03E480F42AF2AFDC002F4CBC /* Project object */ = {
			isa = PBXProject;
			attributes = {
				BuildIndependentTargetsInParallel = 1;
				LastSwiftUpdateCheck = 1500;
				LastUpgradeCheck = 1500;
				TargetAttributes = {
					03E480FB2AF2AFDC002F4CBC = {
						CreatedOnToolsVersion = 15.0.1;
					};
				};
			};
			buildConfigurationList = 03E480F72AF2AFDC002F4CBC /* Build configuration list for PBXProject "Growthook" */;
			compatibilityVersion = "Xcode 14.0";
			developmentRegion = en;
			hasScannedForEncodings = 0;
			knownRegions = (
				en,
				Base,
			);
			mainGroup = 03E480F32AF2AFDC002F4CBC;
			packageReferences = (
				03E481132AF2B126002F4CBC /* XCRemoteSwiftPackageReference "RxSwift" */,
				03E4811A2AF2B130002F4CBC /* XCRemoteSwiftPackageReference "Then" */,
				03E4811D2AF2B13A002F4CBC /* XCRemoteSwiftPackageReference "SnapKit" */,
				03E481202AF2B1DA002F4CBC /* XCRemoteSwiftPackageReference "Moya" */,
			);
			productRefGroup = 03E480FD2AF2AFDC002F4CBC /* Products */;
			projectDirPath = "";
			projectRoot = "";
			targets = (
				03E480FB2AF2AFDC002F4CBC /* Growthook */,
			);
		};
/* End PBXProject section */

/* Begin PBXResourcesBuildPhase section */
		03E480FA2AF2AFDC002F4CBC /* Resources */ = {
			isa = PBXResourcesBuildPhase;
			buildActionMask = 2147483647;
			files = (
				03E4810C2AF2AFDD002F4CBC /* LaunchScreen.storyboard in Resources */,
				033E9C102AFCE0860051A9E8 /* Image.xcassets in Resources */,
				03E481092AF2AFDD002F4CBC /* Assets.xcassets in Resources */,
			);
			runOnlyForDeploymentPostprocessing = 0;
		};
/* End PBXResourcesBuildPhase section */

/* Begin PBXSourcesBuildPhase section */
		03E480F82AF2AFDC002F4CBC /* Sources */ = {
			isa = PBXSourcesBuildPhase;
			buildActionMask = 2147483647;
			files = (
				03B9AC822AF5658F00A5751C /* FontLiterals.swift in Sources */,
				035DB2AB2B00FF2400161872 /* InsightListCollectionViewCell.swift in Sources */,
				03B9AC952AF566C800A5751C /* BlurredLabel.swift in Sources */,
				03B9AC9D2AF7A9EB00A5751C /* TabBarItem.swift in Sources */,
				033E9C1E2AFE63D40051A9E8 /* HomeViewModel.swift in Sources */,
				03B9AC662AF5630200A5751C /* NSObject+.swift in Sources */,
				033E9C132AFD2F630051A9E8 /* CustomNavigationBar.swift in Sources */,
				03B9AC5D2AF5614A00A5751C /* URLConstant.swift in Sources */,
				03B9AC882AF565CA00A5751C /* StringLiterals.swift in Sources */,
				03B9AC842AF565A300A5751C /* ImageLiterals.swift in Sources */,
				03B9AC542AF55FF900A5751C /* GeneralResponse.swift in Sources */,
				03B9AC932AF566B300A5751C /* ButtonPress.swift in Sources */,
				03B9AC6C2AF563C200A5751C /* UIColor+.swift in Sources */,
				03B9AC6E2AF563E200A5751C /* UIImage+.swift in Sources */,
				03B9AC702AF563F300A5751C /* UIViewController+.swift in Sources */,
				03B9AC7E2AF5652E00A5751C /* UIButton+.swift in Sources */,
				03B9AC742AF5648900A5751C /* UITextView+.swift in Sources */,
				03B9ACA92AF7B2B000A5751C /* MypageViewController.swift in Sources */,
				03B9ACA62AF7B2A200A5751C /* ActionListViewController.swift in Sources */,
				03B9AC562AF5608900A5751C /* NetworkLoggerPlugin.swift in Sources */,
				035DB2A92B00ED5600161872 /* ScrapOnlyButton.swift in Sources */,
				03E481002AF2AFDC002F4CBC /* AppDelegate.swift in Sources */,
				03E481022AF2AFDC002F4CBC /* SceneDelegate.swift in Sources */,
				03B9AC5B2AF5610D00A5751C /* APIConstant.swift in Sources */,
				035DB2A72B00E6F200161872 /* InsightListView.swift in Sources */,
				03B9AC7C2AF5651600A5751C /* UITabBar+.swift in Sources */,
				03B9AC862AF565BA00A5751C /* SizeLiterals.swift in Sources */,
				03B9ACA12AF7B25B00A5751C /* HomeViewController.swift in Sources */,
				03B9AC912AF5669600A5751C /* MakeAlert.swift in Sources */,
				03B9AC9B2AF7A96000A5751C /* TabBarController.swift in Sources */,
				03B9AC602AF561AD00A5751C /* API.swift in Sources */,
				03B9AC642AF562D000A5751C /* UIView+.swift in Sources */,
				03B9AC682AF5635800A5751C /* String+.swift in Sources */,
				033E9C202AFE725D0051A9E8 /* CaveProfileModel.swift in Sources */,
				03B9AC7A2AF564FC00A5751C /* UITableView+.swift in Sources */,
				03B9AC762AF564AE00A5751C /* UIStackView+.swift in Sources */,
				03B9AC8F2AF5667300A5751C /* MakeVibrate.swift in Sources */,
				03B9AC592AF560D800A5751C /* Config.swift in Sources */,
				03B9AC8D2AF5663C00A5751C /* Font.swift in Sources */,
				03B9AC722AF5646000A5751C /* UITextField+.swift in Sources */,
				033E9C1B2AFE606E0051A9E8 /* CaveCollectionViewCell.swift in Sources */,
				03B9AC782AF564C400A5751C /* UILabel+.swift in Sources */,
				03B9AC6A2AF5638700A5751C /* UIResponder+.swift in Sources */,
				03B9AC802AF5657500A5751C /* ColorLiterals.swift in Sources */,
				033E9C182AFE33A80051A9E8 /* HomeCaveView.swift in Sources */,
				03B9AC622AF5624D00A5751C /* DTO.swift in Sources */,
				03B9AC8B2AF5660D00A5751C /* Protocol.swift in Sources */,
			);
			runOnlyForDeploymentPostprocessing = 0;
		};
/* End PBXSourcesBuildPhase section */

/* Begin PBXVariantGroup section */
		03E4810A2AF2AFDD002F4CBC /* LaunchScreen.storyboard */ = {
			isa = PBXVariantGroup;
			children = (
				03E4810B2AF2AFDD002F4CBC /* Base */,
			);
			name = LaunchScreen.storyboard;
			sourceTree = "<group>";
		};
/* End PBXVariantGroup section */

/* Begin XCBuildConfiguration section */
		03E4810E2AF2AFDD002F4CBC /* Debug */ = {
			isa = XCBuildConfiguration;
			buildSettings = {
				ALWAYS_SEARCH_USER_PATHS = NO;
				ASSETCATALOG_COMPILER_GENERATE_SWIFT_ASSET_SYMBOL_EXTENSIONS = YES;
				CLANG_ANALYZER_NONNULL = YES;
				CLANG_ANALYZER_NUMBER_OBJECT_CONVERSION = YES_AGGRESSIVE;
				CLANG_CXX_LANGUAGE_STANDARD = "gnu++20";
				CLANG_ENABLE_MODULES = YES;
				CLANG_ENABLE_OBJC_ARC = YES;
				CLANG_ENABLE_OBJC_WEAK = YES;
				CLANG_WARN_BLOCK_CAPTURE_AUTORELEASING = YES;
				CLANG_WARN_BOOL_CONVERSION = YES;
				CLANG_WARN_COMMA = YES;
				CLANG_WARN_CONSTANT_CONVERSION = YES;
				CLANG_WARN_DEPRECATED_OBJC_IMPLEMENTATIONS = YES;
				CLANG_WARN_DIRECT_OBJC_ISA_USAGE = YES_ERROR;
				CLANG_WARN_DOCUMENTATION_COMMENTS = YES;
				CLANG_WARN_EMPTY_BODY = YES;
				CLANG_WARN_ENUM_CONVERSION = YES;
				CLANG_WARN_INFINITE_RECURSION = YES;
				CLANG_WARN_INT_CONVERSION = YES;
				CLANG_WARN_NON_LITERAL_NULL_CONVERSION = YES;
				CLANG_WARN_OBJC_IMPLICIT_RETAIN_SELF = YES;
				CLANG_WARN_OBJC_LITERAL_CONVERSION = YES;
				CLANG_WARN_OBJC_ROOT_CLASS = YES_ERROR;
				CLANG_WARN_QUOTED_INCLUDE_IN_FRAMEWORK_HEADER = YES;
				CLANG_WARN_RANGE_LOOP_ANALYSIS = YES;
				CLANG_WARN_STRICT_PROTOTYPES = YES;
				CLANG_WARN_SUSPICIOUS_MOVE = YES;
				CLANG_WARN_UNGUARDED_AVAILABILITY = YES_AGGRESSIVE;
				CLANG_WARN_UNREACHABLE_CODE = YES;
				CLANG_WARN__DUPLICATE_METHOD_MATCH = YES;
				COPY_PHASE_STRIP = NO;
				DEBUG_INFORMATION_FORMAT = dwarf;
				ENABLE_STRICT_OBJC_MSGSEND = YES;
				ENABLE_TESTABILITY = YES;
				ENABLE_USER_SCRIPT_SANDBOXING = YES;
				GCC_C_LANGUAGE_STANDARD = gnu17;
				GCC_DYNAMIC_NO_PIC = NO;
				GCC_NO_COMMON_BLOCKS = YES;
				GCC_OPTIMIZATION_LEVEL = 0;
				GCC_PREPROCESSOR_DEFINITIONS = (
					"DEBUG=1",
					"$(inherited)",
				);
				GCC_WARN_64_TO_32_BIT_CONVERSION = YES;
				GCC_WARN_ABOUT_RETURN_TYPE = YES_ERROR;
				GCC_WARN_UNDECLARED_SELECTOR = YES;
				GCC_WARN_UNINITIALIZED_AUTOS = YES_AGGRESSIVE;
				GCC_WARN_UNUSED_FUNCTION = YES;
				GCC_WARN_UNUSED_VARIABLE = YES;
				IPHONEOS_DEPLOYMENT_TARGET = 17.0;
				LOCALIZATION_PREFERS_STRING_CATALOGS = YES;
				MTL_ENABLE_DEBUG_INFO = INCLUDE_SOURCE;
				MTL_FAST_MATH = YES;
				ONLY_ACTIVE_ARCH = YES;
				SDKROOT = iphoneos;
				SWIFT_ACTIVE_COMPILATION_CONDITIONS = "DEBUG $(inherited)";
				SWIFT_OPTIMIZATION_LEVEL = "-Onone";
			};
			name = Debug;
		};
		03E4810F2AF2AFDD002F4CBC /* Release */ = {
			isa = XCBuildConfiguration;
			buildSettings = {
				ALWAYS_SEARCH_USER_PATHS = NO;
				ASSETCATALOG_COMPILER_GENERATE_SWIFT_ASSET_SYMBOL_EXTENSIONS = YES;
				CLANG_ANALYZER_NONNULL = YES;
				CLANG_ANALYZER_NUMBER_OBJECT_CONVERSION = YES_AGGRESSIVE;
				CLANG_CXX_LANGUAGE_STANDARD = "gnu++20";
				CLANG_ENABLE_MODULES = YES;
				CLANG_ENABLE_OBJC_ARC = YES;
				CLANG_ENABLE_OBJC_WEAK = YES;
				CLANG_WARN_BLOCK_CAPTURE_AUTORELEASING = YES;
				CLANG_WARN_BOOL_CONVERSION = YES;
				CLANG_WARN_COMMA = YES;
				CLANG_WARN_CONSTANT_CONVERSION = YES;
				CLANG_WARN_DEPRECATED_OBJC_IMPLEMENTATIONS = YES;
				CLANG_WARN_DIRECT_OBJC_ISA_USAGE = YES_ERROR;
				CLANG_WARN_DOCUMENTATION_COMMENTS = YES;
				CLANG_WARN_EMPTY_BODY = YES;
				CLANG_WARN_ENUM_CONVERSION = YES;
				CLANG_WARN_INFINITE_RECURSION = YES;
				CLANG_WARN_INT_CONVERSION = YES;
				CLANG_WARN_NON_LITERAL_NULL_CONVERSION = YES;
				CLANG_WARN_OBJC_IMPLICIT_RETAIN_SELF = YES;
				CLANG_WARN_OBJC_LITERAL_CONVERSION = YES;
				CLANG_WARN_OBJC_ROOT_CLASS = YES_ERROR;
				CLANG_WARN_QUOTED_INCLUDE_IN_FRAMEWORK_HEADER = YES;
				CLANG_WARN_RANGE_LOOP_ANALYSIS = YES;
				CLANG_WARN_STRICT_PROTOTYPES = YES;
				CLANG_WARN_SUSPICIOUS_MOVE = YES;
				CLANG_WARN_UNGUARDED_AVAILABILITY = YES_AGGRESSIVE;
				CLANG_WARN_UNREACHABLE_CODE = YES;
				CLANG_WARN__DUPLICATE_METHOD_MATCH = YES;
				COPY_PHASE_STRIP = NO;
				DEBUG_INFORMATION_FORMAT = "dwarf-with-dsym";
				ENABLE_NS_ASSERTIONS = NO;
				ENABLE_STRICT_OBJC_MSGSEND = YES;
				ENABLE_USER_SCRIPT_SANDBOXING = YES;
				GCC_C_LANGUAGE_STANDARD = gnu17;
				GCC_NO_COMMON_BLOCKS = YES;
				GCC_WARN_64_TO_32_BIT_CONVERSION = YES;
				GCC_WARN_ABOUT_RETURN_TYPE = YES_ERROR;
				GCC_WARN_UNDECLARED_SELECTOR = YES;
				GCC_WARN_UNINITIALIZED_AUTOS = YES_AGGRESSIVE;
				GCC_WARN_UNUSED_FUNCTION = YES;
				GCC_WARN_UNUSED_VARIABLE = YES;
				IPHONEOS_DEPLOYMENT_TARGET = 17.0;
				LOCALIZATION_PREFERS_STRING_CATALOGS = YES;
				MTL_ENABLE_DEBUG_INFO = NO;
				MTL_FAST_MATH = YES;
				SDKROOT = iphoneos;
				SWIFT_COMPILATION_MODE = wholemodule;
				VALIDATE_PRODUCT = YES;
			};
			name = Release;
		};
		03E481112AF2AFDD002F4CBC /* Debug */ = {
			isa = XCBuildConfiguration;
			buildSettings = {
				ASSETCATALOG_COMPILER_APPICON_NAME = AppIcon;
				ASSETCATALOG_COMPILER_GLOBAL_ACCENT_COLOR_NAME = AccentColor;
				CODE_SIGN_STYLE = Automatic;
				CURRENT_PROJECT_VERSION = 1;
				DEVELOPMENT_TEAM = DGT9BQA4KH;
				GENERATE_INFOPLIST_FILE = YES;
				INFOPLIST_FILE = Growthook/Info.plist;
				INFOPLIST_KEY_UIApplicationSupportsIndirectInputEvents = YES;
				INFOPLIST_KEY_UILaunchStoryboardName = LaunchScreen;
				INFOPLIST_KEY_UISupportedInterfaceOrientations_iPad = "UIInterfaceOrientationPortrait UIInterfaceOrientationPortraitUpsideDown UIInterfaceOrientationLandscapeLeft UIInterfaceOrientationLandscapeRight";
				INFOPLIST_KEY_UISupportedInterfaceOrientations_iPhone = "UIInterfaceOrientationPortrait UIInterfaceOrientationLandscapeLeft UIInterfaceOrientationLandscapeRight";
				LD_RUNPATH_SEARCH_PATHS = (
					"$(inherited)",
					"@executable_path/Frameworks",
				);
				MARKETING_VERSION = 1.0;
				PRODUCT_BUNDLE_IDENTIFIER = kwonjeong.Growthook;
				PRODUCT_NAME = "$(TARGET_NAME)";
				SWIFT_EMIT_LOC_STRINGS = YES;
				SWIFT_VERSION = 5.0;
				TARGETED_DEVICE_FAMILY = "1,2";
			};
			name = Debug;
		};
		03E481122AF2AFDD002F4CBC /* Release */ = {
			isa = XCBuildConfiguration;
			buildSettings = {
				ASSETCATALOG_COMPILER_APPICON_NAME = AppIcon;
				ASSETCATALOG_COMPILER_GLOBAL_ACCENT_COLOR_NAME = AccentColor;
				CODE_SIGN_STYLE = Automatic;
				CURRENT_PROJECT_VERSION = 1;
				DEVELOPMENT_TEAM = DGT9BQA4KH;
				GENERATE_INFOPLIST_FILE = YES;
				INFOPLIST_FILE = Growthook/Info.plist;
				INFOPLIST_KEY_UIApplicationSupportsIndirectInputEvents = YES;
				INFOPLIST_KEY_UILaunchStoryboardName = LaunchScreen;
				INFOPLIST_KEY_UISupportedInterfaceOrientations_iPad = "UIInterfaceOrientationPortrait UIInterfaceOrientationPortraitUpsideDown UIInterfaceOrientationLandscapeLeft UIInterfaceOrientationLandscapeRight";
				INFOPLIST_KEY_UISupportedInterfaceOrientations_iPhone = "UIInterfaceOrientationPortrait UIInterfaceOrientationLandscapeLeft UIInterfaceOrientationLandscapeRight";
				LD_RUNPATH_SEARCH_PATHS = (
					"$(inherited)",
					"@executable_path/Frameworks",
				);
				MARKETING_VERSION = 1.0;
				PRODUCT_BUNDLE_IDENTIFIER = kwonjeong.Growthook;
				PRODUCT_NAME = "$(TARGET_NAME)";
				SWIFT_EMIT_LOC_STRINGS = YES;
				SWIFT_VERSION = 5.0;
				TARGETED_DEVICE_FAMILY = "1,2";
			};
			name = Release;
		};
/* End XCBuildConfiguration section */

/* Begin XCConfigurationList section */
		03E480F72AF2AFDC002F4CBC /* Build configuration list for PBXProject "Growthook" */ = {
			isa = XCConfigurationList;
			buildConfigurations = (
				03E4810E2AF2AFDD002F4CBC /* Debug */,
				03E4810F2AF2AFDD002F4CBC /* Release */,
			);
			defaultConfigurationIsVisible = 0;
			defaultConfigurationName = Release;
		};
		03E481102AF2AFDD002F4CBC /* Build configuration list for PBXNativeTarget "Growthook" */ = {
			isa = XCConfigurationList;
			buildConfigurations = (
				03E481112AF2AFDD002F4CBC /* Debug */,
				03E481122AF2AFDD002F4CBC /* Release */,
			);
			defaultConfigurationIsVisible = 0;
			defaultConfigurationName = Release;
		};
/* End XCConfigurationList section */

/* Begin XCRemoteSwiftPackageReference section */
		03E481132AF2B126002F4CBC /* XCRemoteSwiftPackageReference "RxSwift" */ = {
			isa = XCRemoteSwiftPackageReference;
			repositoryURL = "https://github.com/ReactiveX/RxSwift";
			requirement = {
				kind = upToNextMajorVersion;
				minimumVersion = 6.6.0;
			};
		};
		03E4811A2AF2B130002F4CBC /* XCRemoteSwiftPackageReference "Then" */ = {
			isa = XCRemoteSwiftPackageReference;
			repositoryURL = "https://github.com/devxoul/Then";
			requirement = {
				kind = upToNextMajorVersion;
				minimumVersion = 3.0.0;
			};
		};
		03E4811D2AF2B13A002F4CBC /* XCRemoteSwiftPackageReference "SnapKit" */ = {
			isa = XCRemoteSwiftPackageReference;
			repositoryURL = "https://github.com/SnapKit/SnapKit";
			requirement = {
				kind = upToNextMajorVersion;
				minimumVersion = 5.6.0;
			};
		};
		03E481202AF2B1DA002F4CBC /* XCRemoteSwiftPackageReference "Moya" */ = {
			isa = XCRemoteSwiftPackageReference;
			repositoryURL = "https://github.com/Moya/Moya";
			requirement = {
				kind = upToNextMajorVersion;
				minimumVersion = 15.0.3;
			};
		};
/* End XCRemoteSwiftPackageReference section */

/* Begin XCSwiftPackageProductDependency section */
		03E481142AF2B126002F4CBC /* RxCocoa */ = {
			isa = XCSwiftPackageProductDependency;
			package = 03E481132AF2B126002F4CBC /* XCRemoteSwiftPackageReference "RxSwift" */;
			productName = RxCocoa;
		};
		03E481162AF2B126002F4CBC /* RxRelay */ = {
			isa = XCSwiftPackageProductDependency;
			package = 03E481132AF2B126002F4CBC /* XCRemoteSwiftPackageReference "RxSwift" */;
			productName = RxRelay;
		};
		03E481182AF2B126002F4CBC /* RxSwift */ = {
			isa = XCSwiftPackageProductDependency;
			package = 03E481132AF2B126002F4CBC /* XCRemoteSwiftPackageReference "RxSwift" */;
			productName = RxSwift;
		};
		03E4811B2AF2B130002F4CBC /* Then */ = {
			isa = XCSwiftPackageProductDependency;
			package = 03E4811A2AF2B130002F4CBC /* XCRemoteSwiftPackageReference "Then" */;
			productName = Then;
		};
		03E4811E2AF2B13A002F4CBC /* SnapKit */ = {
			isa = XCSwiftPackageProductDependency;
			package = 03E4811D2AF2B13A002F4CBC /* XCRemoteSwiftPackageReference "SnapKit" */;
			productName = SnapKit;
		};
		03E481212AF2B1DA002F4CBC /* Moya */ = {
			isa = XCSwiftPackageProductDependency;
			package = 03E481202AF2B1DA002F4CBC /* XCRemoteSwiftPackageReference "Moya" */;
			productName = Moya;
		};
		03E481232AF2B1DA002F4CBC /* RxMoya */ = {
			isa = XCSwiftPackageProductDependency;
			package = 03E481202AF2B1DA002F4CBC /* XCRemoteSwiftPackageReference "Moya" */;
			productName = RxMoya;
		};
/* End XCSwiftPackageProductDependency section */
	};
	rootObject = 03E480F42AF2AFDC002F4CBC /* Project object */;
}
