// !$*UTF8*$!
{
	archiveVersion = 1;
	classes = {
	};
	objectVersion = 56;
	objects = {

/* Begin PBXBuildFile section */
		03115F802B26FB9A009D1517 /* KakaoSDKAuth in Frameworks */ = {isa = PBXBuildFile; productRef = 03115F7F2B26FB9A009D1517 /* KakaoSDKAuth */; };
		03115F822B26FB9A009D1517 /* KakaoSDKUser in Frameworks */ = {isa = PBXBuildFile; productRef = 03115F812B26FB9A009D1517 /* KakaoSDKUser */; };
		03115F842B26FCA8009D1517 /* KakaoSDKAuth in Frameworks */ = {isa = PBXBuildFile; productRef = 03115F832B26FCA8009D1517 /* KakaoSDKAuth */; };
		03115F862B26FCA8009D1517 /* KakaoSDKCommon in Frameworks */ = {isa = PBXBuildFile; productRef = 03115F852B26FCA8009D1517 /* KakaoSDKCommon */; };
		03115F882B26FCA8009D1517 /* KakaoSDKUser in Frameworks */ = {isa = PBXBuildFile; productRef = 03115F872B26FCA8009D1517 /* KakaoSDKUser */; };
		03115F8C2B27072A009D1517 /* KakaoLoginViewController.swift in Sources */ = {isa = PBXBuildFile; fileRef = 03115F8B2B27072A009D1517 /* KakaoLoginViewController.swift */; };
		032213322B14C4EF00FF5CF1 /* UnLockInsightAlertView.swift in Sources */ = {isa = PBXBuildFile; fileRef = 032213312B14C4EF00FF5CF1 /* UnLockInsightAlertView.swift */; };
		0322137A2B17642E00FF5CF1 /* RemoveInsightAlertView.swift in Sources */ = {isa = PBXBuildFile; fileRef = 032213792B17642E00FF5CF1 /* RemoveInsightAlertView.swift */; };
		0322137E2B17731E00FF5CF1 /* RemoveInsightAlertViewController.swift in Sources */ = {isa = PBXBuildFile; fileRef = 0322137D2B17731E00FF5CF1 /* RemoveInsightAlertViewController.swift */; };
		032213802B177F8E00FF5CF1 /* RemoveInsightViewModel.swift in Sources */ = {isa = PBXBuildFile; fileRef = 0322137F2B177F8E00FF5CF1 /* RemoveInsightViewModel.swift */; };
		032213822B17960700FF5CF1 /* NotificationAlertView.swift in Sources */ = {isa = PBXBuildFile; fileRef = 032213812B17960700FF5CF1 /* NotificationAlertView.swift */; };
		032213A52B1C54EB00FF5CF1 /* ScrapOnlyButton.swift in Sources */ = {isa = PBXBuildFile; fileRef = 032213A42B1C54EB00FF5CF1 /* ScrapOnlyButton.swift */; };
		033E9C102AFCE0860051A9E8 /* Image.xcassets in Resources */ = {isa = PBXBuildFile; fileRef = 033E9C0F2AFCE0860051A9E8 /* Image.xcassets */; };
		033E9C132AFD2F630051A9E8 /* CustomNavigationBar.swift in Sources */ = {isa = PBXBuildFile; fileRef = 033E9C122AFD2F630051A9E8 /* CustomNavigationBar.swift */; };
		033E9C182AFE33A80051A9E8 /* HomeCaveView.swift in Sources */ = {isa = PBXBuildFile; fileRef = 033E9C172AFE33A80051A9E8 /* HomeCaveView.swift */; };
		033E9C1B2AFE606E0051A9E8 /* CaveCollectionViewCell.swift in Sources */ = {isa = PBXBuildFile; fileRef = 033E9C1A2AFE606E0051A9E8 /* CaveCollectionViewCell.swift */; };
		033E9C1E2AFE63D40051A9E8 /* HomeViewModel.swift in Sources */ = {isa = PBXBuildFile; fileRef = 033E9C1D2AFE63D40051A9E8 /* HomeViewModel.swift */; };
		033E9C202AFE725D0051A9E8 /* CaveProfile.swift in Sources */ = {isa = PBXBuildFile; fileRef = 033E9C1F2AFE725D0051A9E8 /* CaveProfile.swift */; };
		03431ACF2B3D51220017EA52 /* Encodable+.swift in Sources */ = {isa = PBXBuildFile; fileRef = 03431ACE2B3D51220017EA52 /* Encodable+.swift */; };
		034580822B2D628F002DDEBA /* CaveDetailViewController.swift in Sources */ = {isa = PBXBuildFile; fileRef = 034580812B2D628F002DDEBA /* CaveDetailViewController.swift */; };
		034580852B2D6354002DDEBA /* CaveDetailView.swift in Sources */ = {isa = PBXBuildFile; fileRef = 034580842B2D6354002DDEBA /* CaveDetailView.swift */; };
		034580872B2D6B98002DDEBA /* CaveDescriptionView.swift in Sources */ = {isa = PBXBuildFile; fileRef = 034580862B2D6B98002DDEBA /* CaveDescriptionView.swift */; };
		0345808A2B2D717D002DDEBA /* CaveDetailViewModel.swift in Sources */ = {isa = PBXBuildFile; fileRef = 034580892B2D717D002DDEBA /* CaveDetailViewModel.swift */; };
		0345808C2B2DBC15002DDEBA /* UnLockCaveAlertView.swift in Sources */ = {isa = PBXBuildFile; fileRef = 0345808B2B2DBC15002DDEBA /* UnLockCaveAlertView.swift */; };
		034580972B36E343002DDEBA /* UICollectionView+.swift in Sources */ = {isa = PBXBuildFile; fileRef = 034580962B36E343002DDEBA /* UICollectionView+.swift */; };
		035DB2A72B00E6F200161872 /* InsightListView.swift in Sources */ = {isa = PBXBuildFile; fileRef = 035DB2A62B00E6F200161872 /* InsightListView.swift */; };
		035DB2AB2B00FF2400161872 /* InsightListCollectionViewCell.swift in Sources */ = {isa = PBXBuildFile; fileRef = 035DB2AA2B00FF2400161872 /* InsightListCollectionViewCell.swift */; };
		035DB2AD2B01041B00161872 /* InsightList.swift in Sources */ = {isa = PBXBuildFile; fileRef = 035DB2AC2B01041B00161872 /* InsightList.swift */; };
		03B9AC542AF55FF900A5751C /* GeneralResponse.swift in Sources */ = {isa = PBXBuildFile; fileRef = 03B9AC532AF55FF900A5751C /* GeneralResponse.swift */; };
		03B9AC562AF5608900A5751C /* NetworkLoggerPlugin.swift in Sources */ = {isa = PBXBuildFile; fileRef = 03B9AC552AF5608900A5751C /* NetworkLoggerPlugin.swift */; };
		03B9AC592AF560D800A5751C /* Config.swift in Sources */ = {isa = PBXBuildFile; fileRef = 03B9AC582AF560D800A5751C /* Config.swift */; };
		03B9AC5B2AF5610D00A5751C /* APIConstant.swift in Sources */ = {isa = PBXBuildFile; fileRef = 03B9AC5A2AF5610D00A5751C /* APIConstant.swift */; };
		03B9AC5D2AF5614A00A5751C /* URLConstant.swift in Sources */ = {isa = PBXBuildFile; fileRef = 03B9AC5C2AF5614A00A5751C /* URLConstant.swift */; };
		03B9AC602AF561AD00A5751C /* API.swift in Sources */ = {isa = PBXBuildFile; fileRef = 03B9AC5F2AF561AD00A5751C /* API.swift */; };
		03B9AC622AF5624D00A5751C /* DTO.swift in Sources */ = {isa = PBXBuildFile; fileRef = 03B9AC612AF5624D00A5751C /* DTO.swift */; };
		03B9AC642AF562D000A5751C /* UIView+.swift in Sources */ = {isa = PBXBuildFile; fileRef = 03B9AC632AF562D000A5751C /* UIView+.swift */; };
		03B9AC662AF5630200A5751C /* NSObject+.swift in Sources */ = {isa = PBXBuildFile; fileRef = 03B9AC652AF5630200A5751C /* NSObject+.swift */; };
		03B9AC682AF5635800A5751C /* String+.swift in Sources */ = {isa = PBXBuildFile; fileRef = 03B9AC672AF5635800A5751C /* String+.swift */; };
		03B9AC6A2AF5638700A5751C /* UIResponder+.swift in Sources */ = {isa = PBXBuildFile; fileRef = 03B9AC692AF5638700A5751C /* UIResponder+.swift */; };
		03B9AC6C2AF563C200A5751C /* UIColor+.swift in Sources */ = {isa = PBXBuildFile; fileRef = 03B9AC6B2AF563C200A5751C /* UIColor+.swift */; };
		03B9AC6E2AF563E200A5751C /* UIImage+.swift in Sources */ = {isa = PBXBuildFile; fileRef = 03B9AC6D2AF563E200A5751C /* UIImage+.swift */; };
		03B9AC702AF563F300A5751C /* UIViewController+.swift in Sources */ = {isa = PBXBuildFile; fileRef = 03B9AC6F2AF563F300A5751C /* UIViewController+.swift */; };
		03B9AC722AF5646000A5751C /* UITextField+.swift in Sources */ = {isa = PBXBuildFile; fileRef = 03B9AC712AF5646000A5751C /* UITextField+.swift */; };
		03B9AC742AF5648900A5751C /* UITextView+.swift in Sources */ = {isa = PBXBuildFile; fileRef = 03B9AC732AF5648900A5751C /* UITextView+.swift */; };
		03B9AC762AF564AE00A5751C /* UIStackView+.swift in Sources */ = {isa = PBXBuildFile; fileRef = 03B9AC752AF564AE00A5751C /* UIStackView+.swift */; };
		03B9AC782AF564C400A5751C /* UILabel+.swift in Sources */ = {isa = PBXBuildFile; fileRef = 03B9AC772AF564C400A5751C /* UILabel+.swift */; };
		03B9AC7A2AF564FC00A5751C /* UITableView+.swift in Sources */ = {isa = PBXBuildFile; fileRef = 03B9AC792AF564FC00A5751C /* UITableView+.swift */; };
		03B9AC7C2AF5651600A5751C /* UITabBar+.swift in Sources */ = {isa = PBXBuildFile; fileRef = 03B9AC7B2AF5651600A5751C /* UITabBar+.swift */; };
		03B9AC7E2AF5652E00A5751C /* UIButton+.swift in Sources */ = {isa = PBXBuildFile; fileRef = 03B9AC7D2AF5652E00A5751C /* UIButton+.swift */; };
		03B9AC802AF5657500A5751C /* ColorLiterals.swift in Sources */ = {isa = PBXBuildFile; fileRef = 03B9AC7F2AF5657500A5751C /* ColorLiterals.swift */; };
		03B9AC822AF5658F00A5751C /* FontLiterals.swift in Sources */ = {isa = PBXBuildFile; fileRef = 03B9AC812AF5658F00A5751C /* FontLiterals.swift */; };
		03B9AC842AF565A300A5751C /* ImageLiterals.swift in Sources */ = {isa = PBXBuildFile; fileRef = 03B9AC832AF565A300A5751C /* ImageLiterals.swift */; };
		03B9AC862AF565BA00A5751C /* SizeLiterals.swift in Sources */ = {isa = PBXBuildFile; fileRef = 03B9AC852AF565BA00A5751C /* SizeLiterals.swift */; };
		03B9AC882AF565CA00A5751C /* StringLiterals.swift in Sources */ = {isa = PBXBuildFile; fileRef = 03B9AC872AF565CA00A5751C /* StringLiterals.swift */; };
		03B9AC8B2AF5660D00A5751C /* Protocol.swift in Sources */ = {isa = PBXBuildFile; fileRef = 03B9AC8A2AF5660D00A5751C /* Protocol.swift */; };
		03B9AC8D2AF5663C00A5751C /* Font.swift in Sources */ = {isa = PBXBuildFile; fileRef = 03B9AC8C2AF5663C00A5751C /* Font.swift */; };
		03B9AC8F2AF5667300A5751C /* MakeVibrate.swift in Sources */ = {isa = PBXBuildFile; fileRef = 03B9AC8E2AF5667300A5751C /* MakeVibrate.swift */; };
		03B9AC912AF5669600A5751C /* MakeAlert.swift in Sources */ = {isa = PBXBuildFile; fileRef = 03B9AC902AF5669600A5751C /* MakeAlert.swift */; };
		03B9AC932AF566B300A5751C /* ButtonPress.swift in Sources */ = {isa = PBXBuildFile; fileRef = 03B9AC922AF566B300A5751C /* ButtonPress.swift */; };
		03B9AC952AF566C800A5751C /* BlurredLabel.swift in Sources */ = {isa = PBXBuildFile; fileRef = 03B9AC942AF566C800A5751C /* BlurredLabel.swift */; };
		03B9AC9B2AF7A96000A5751C /* TabBarController.swift in Sources */ = {isa = PBXBuildFile; fileRef = 03B9AC9A2AF7A96000A5751C /* TabBarController.swift */; };
		03B9AC9D2AF7A9EB00A5751C /* TabBarItem.swift in Sources */ = {isa = PBXBuildFile; fileRef = 03B9AC9C2AF7A9EB00A5751C /* TabBarItem.swift */; };
		03B9ACA12AF7B25B00A5751C /* HomeViewController.swift in Sources */ = {isa = PBXBuildFile; fileRef = 03B9ACA02AF7B25B00A5751C /* HomeViewController.swift */; };
		03B9ACA62AF7B2A200A5751C /* ActionListViewController.swift in Sources */ = {isa = PBXBuildFile; fileRef = 03B9ACA52AF7B2A200A5751C /* ActionListViewController.swift */; };
		03B9ACA92AF7B2B000A5751C /* MypageViewController.swift in Sources */ = {isa = PBXBuildFile; fileRef = 03B9ACA82AF7B2B000A5751C /* MypageViewController.swift */; };
		03C3565F2B0B702900750758 /* InsightTapBottomSheet.swift in Sources */ = {isa = PBXBuildFile; fileRef = 03C3565E2B0B702900750758 /* InsightTapBottomSheet.swift */; };
		03C356612B0F533E00750758 /* CaveListHalfModal.swift in Sources */ = {isa = PBXBuildFile; fileRef = 03C356602B0F533E00750758 /* CaveListHalfModal.swift */; };
		03C356632B1069AC00750758 /* CaveListHalfModalCell.swift in Sources */ = {isa = PBXBuildFile; fileRef = 03C356622B1069AC00750758 /* CaveListHalfModalCell.swift */; };
		03C356652B106AC800750758 /* CaveListViewModel.swift in Sources */ = {isa = PBXBuildFile; fileRef = 03C356642B106AC800750758 /* CaveListViewModel.swift */; };
		03C356672B108EB800750758 /* InsightTapViewModel.swift in Sources */ = {isa = PBXBuildFile; fileRef = 03C356662B108EB800750758 /* InsightTapViewModel.swift */; };
		03E481002AF2AFDC002F4CBC /* AppDelegate.swift in Sources */ = {isa = PBXBuildFile; fileRef = 03E480FF2AF2AFDC002F4CBC /* AppDelegate.swift */; };
		03E481022AF2AFDC002F4CBC /* SceneDelegate.swift in Sources */ = {isa = PBXBuildFile; fileRef = 03E481012AF2AFDC002F4CBC /* SceneDelegate.swift */; };
		03E481092AF2AFDD002F4CBC /* Assets.xcassets in Resources */ = {isa = PBXBuildFile; fileRef = 03E481082AF2AFDD002F4CBC /* Assets.xcassets */; };
		03E4810C2AF2AFDD002F4CBC /* LaunchScreen.storyboard in Resources */ = {isa = PBXBuildFile; fileRef = 03E4810A2AF2AFDD002F4CBC /* LaunchScreen.storyboard */; };
		03E481152AF2B126002F4CBC /* RxCocoa in Frameworks */ = {isa = PBXBuildFile; productRef = 03E481142AF2B126002F4CBC /* RxCocoa */; };
		03E481172AF2B126002F4CBC /* RxRelay in Frameworks */ = {isa = PBXBuildFile; productRef = 03E481162AF2B126002F4CBC /* RxRelay */; };
		03E481192AF2B126002F4CBC /* RxSwift in Frameworks */ = {isa = PBXBuildFile; productRef = 03E481182AF2B126002F4CBC /* RxSwift */; };
		03E4811C2AF2B130002F4CBC /* Then in Frameworks */ = {isa = PBXBuildFile; productRef = 03E4811B2AF2B130002F4CBC /* Then */; };
		03E4811F2AF2B13A002F4CBC /* SnapKit in Frameworks */ = {isa = PBXBuildFile; productRef = 03E4811E2AF2B13A002F4CBC /* SnapKit */; };
		03E481222AF2B1DA002F4CBC /* Moya in Frameworks */ = {isa = PBXBuildFile; productRef = 03E481212AF2B1DA002F4CBC /* Moya */; };
		03E481242AF2B1DA002F4CBC /* RxMoya in Frameworks */ = {isa = PBXBuildFile; productRef = 03E481232AF2B1DA002F4CBC /* RxMoya */; };
		09089A6A2B03B3E2006C07B8 /* AlertBuilder.swift in Sources */ = {isa = PBXBuildFile; fileRef = 09089A692B03B3E2006C07B8 /* AlertBuilder.swift */; };
		09089A6C2B03B41B006C07B8 /* CustomAlertViewController.swift in Sources */ = {isa = PBXBuildFile; fileRef = 09089A6B2B03B41B006C07B8 /* CustomAlertViewController.swift */; };
		092C816D2B334E13006B0F65 /* CreateSpecificPlanView .swift in Sources */ = {isa = PBXBuildFile; fileRef = 092C816C2B334E13006B0F65 /* CreateSpecificPlanView .swift */; };
		092C81702B3351DA006B0F65 /* SpecificPlanCollectionViewCell.swift in Sources */ = {isa = PBXBuildFile; fileRef = 092C816F2B3351DA006B0F65 /* SpecificPlanCollectionViewCell.swift */; };
		09A7D6FD2B00DE9C005F8821 /* CreateCaveViewController.swift in Sources */ = {isa = PBXBuildFile; fileRef = 09A7D6FC2B00DE9C005F8821 /* CreateCaveViewController.swift */; };
		09A7D7002B00DED0005F8821 /* CreateCaveViewModel.swift in Sources */ = {isa = PBXBuildFile; fileRef = 09A7D6FF2B00DED0005F8821 /* CreateCaveViewModel.swift */; };
		09A7D7022B00DFC6005F8821 /* BottomCTAButton.swift in Sources */ = {isa = PBXBuildFile; fileRef = 09A7D7012B00DFC6005F8821 /* BottomCTAButton.swift */; };
		09A7D7052B00EC03005F8821 /* CreateCaveView.swift in Sources */ = {isa = PBXBuildFile; fileRef = 09A7D7042B00EC03005F8821 /* CreateCaveView.swift */; };
		09A7D70A2B01E6A9005F8821 /* CreateCaveModel.swift in Sources */ = {isa = PBXBuildFile; fileRef = 09A7D7092B01E6A9005F8821 /* CreateCaveModel.swift */; };
		09CE00EA2B0DB13700CB42C4 /* CreateActionViewModel.swift in Sources */ = {isa = PBXBuildFile; fileRef = 09CE00E92B0DB13700CB42C4 /* CreateActionViewModel.swift */; };
		09CE00ED2B0DB1EA00CB42C4 /* CreateActionView.swift in Sources */ = {isa = PBXBuildFile; fileRef = 09CE00EC2B0DB1EA00CB42C4 /* CreateActionView.swift */; };
		09CE00F02B0DB1FB00CB42C4 /* CreateActionViewControlller.swift in Sources */ = {isa = PBXBuildFile; fileRef = 09CE00EF2B0DB1FB00CB42C4 /* CreateActionViewControlller.swift */; };
		09CE00F52B0DB9CC00CB42C4 /* InsightModel.swift in Sources */ = {isa = PBXBuildFile; fileRef = 09CE00F42B0DB9CC00CB42C4 /* InsightModel.swift */; };
		09CE00F72B0DBAE800CB42C4 /* InsightView.swift in Sources */ = {isa = PBXBuildFile; fileRef = 09CE00F62B0DBAE800CB42C4 /* InsightView.swift */; };
		09CE00F92B0DD3E300CB42C4 /* ActionPlanModel.swift in Sources */ = {isa = PBXBuildFile; fileRef = 09CE00F82B0DD3E300CB42C4 /* ActionPlanModel.swift */; };
		09DE08002B04FAEE00D7DF3D /* EmptySeedView.swift in Sources */ = {isa = PBXBuildFile; fileRef = 09DE07FF2B04FAEE00D7DF3D /* EmptySeedView.swift */; };
		09DE08022B04FDF800D7DF3D /* EmptyViewController.swift in Sources */ = {isa = PBXBuildFile; fileRef = 09DE08012B04FDF800D7DF3D /* EmptyViewController.swift */; };
		250F7D732B145F4C00D9726F /* ActionListCompleteTableViewCell.swift in Sources */ = {isa = PBXBuildFile; fileRef = 250F7D722B145F4C00D9726F /* ActionListCompleteTableViewCell.swift */; };
		250F7D752B14624300D9726F /* ActionListReviewViewController.swift in Sources */ = {isa = PBXBuildFile; fileRef = 250F7D742B14624300D9726F /* ActionListReviewViewController.swift */; };
		250F7D772B16D01500D9726F /* AlertViewController.swift in Sources */ = {isa = PBXBuildFile; fileRef = 250F7D762B16D01500D9726F /* AlertViewController.swift */; };
		252DD8842B063A7900DBB1D1 /* ActionListViewModel.swift in Sources */ = {isa = PBXBuildFile; fileRef = 252DD8832B063A7900DBB1D1 /* ActionListViewModel.swift */; };
		2568FA182B0DD47E00CAD12A /* ActionListBottomSheetViewController.swift in Sources */ = {isa = PBXBuildFile; fileRef = 2568FA172B0DD47E00CAD12A /* ActionListBottomSheetViewController.swift */; };
		25BD95182B0894A200E72ADC /* ActionListTableViewCell.swift in Sources */ = {isa = PBXBuildFile; fileRef = 25BD95172B0894A200E72ADC /* ActionListTableViewCell.swift */; };
		25BD951B2B089B9900E72ADC /* ActionListModel.swift in Sources */ = {isa = PBXBuildFile; fileRef = 25BD951A2B089B9900E72ADC /* ActionListModel.swift */; };
		25BD951D2B08F6F600E72ADC /* InprogressViewController.swift in Sources */ = {isa = PBXBuildFile; fileRef = 25BD951C2B08F6F600E72ADC /* InprogressViewController.swift */; };
		25BD951F2B08F73700E72ADC /* CompleteViewController.swift in Sources */ = {isa = PBXBuildFile; fileRef = 25BD951E2B08F73700E72ADC /* CompleteViewController.swift */; };
		25EAFA5B2B0255BB00283CD8 /* MainTitleBarView.swift in Sources */ = {isa = PBXBuildFile; fileRef = 25EAFA5A2B0255BB00283CD8 /* MainTitleBarView.swift */; };
		25EAFA5D2B02597800283CD8 /* ActionListSegmentedView.swift in Sources */ = {isa = PBXBuildFile; fileRef = 25EAFA5C2B02597800283CD8 /* ActionListSegmentedView.swift */; };
		581D228E2B320C630068E58D /* CommonTextFieldWithBorder.swift in Sources */ = {isa = PBXBuildFile; fileRef = 581D228D2B320C630068E58D /* CommonTextFieldWithBorder.swift */; };
		581D22902B32A9240068E58D /* Reactive+UITextField.swift in Sources */ = {isa = PBXBuildFile; fileRef = 581D228F2B32A9240068E58D /* Reactive+UITextField.swift */; };
		581D22922B32A92F0068E58D /* Reactive+UIControl.swift in Sources */ = {isa = PBXBuildFile; fileRef = 581D22912B32A92F0068E58D /* Reactive+UIControl.swift */; };
		581D22942B32EC950068E58D /* CommonTextViewWithBorder.swift in Sources */ = {isa = PBXBuildFile; fileRef = 581D22932B32EC950068E58D /* CommonTextViewWithBorder.swift */; };
		581D22982B3356150068E58D /* SelectBlockWithTitle.swift in Sources */ = {isa = PBXBuildFile; fileRef = 581D22972B3356150068E58D /* SelectBlockWithTitle.swift */; };
		581D229A2B3362330068E58D /* CommonCustomNavigationBar.swift in Sources */ = {isa = PBXBuildFile; fileRef = 581D22992B3362330068E58D /* CommonCustomNavigationBar.swift */; };
		581D229C2B3364BB0068E58D /* EnlargedAreaButton.swift in Sources */ = {isa = PBXBuildFile; fileRef = 581D229B2B3364BB0068E58D /* EnlargedAreaButton.swift */; };
		582F9C482B304B5E0000D161 /* TextFieldBlockWithTitle.swift in Sources */ = {isa = PBXBuildFile; fileRef = 582F9C472B304B5E0000D161 /* TextFieldBlockWithTitle.swift */; };
		582F9C4A2B304B720000D161 /* TextViewBlockWithTitle.swift in Sources */ = {isa = PBXBuildFile; fileRef = 582F9C492B304B720000D161 /* TextViewBlockWithTitle.swift */; };
		584EDAD72B4A57E60094872A /* Observable+.swift in Sources */ = {isa = PBXBuildFile; fileRef = 584EDAD62B4A57E60094872A /* Observable+.swift */; };
		5880F4672B3423B8004C1494 /* InsightSelectCaveTableViewCell.swift in Sources */ = {isa = PBXBuildFile; fileRef = 5880F4662B3423B8004C1494 /* InsightSelectCaveTableViewCell.swift */; };
		5880F46B2B342FF7004C1494 /* InsightSelectCaveSheetViewController.swift in Sources */ = {isa = PBXBuildFile; fileRef = 5880F46A2B342FF7004C1494 /* InsightSelectCaveSheetViewController.swift */; };
		5880F46D2B34300D004C1494 /* InsightSelectPeriodSheetViewController.swift in Sources */ = {isa = PBXBuildFile; fileRef = 5880F46C2B34300D004C1494 /* InsightSelectPeriodSheetViewController.swift */; };
		58AB70AC2B2C7CC50061C072 /* MyPageViewModel.swift in Sources */ = {isa = PBXBuildFile; fileRef = 58AB70AB2B2C7CC50061C072 /* MyPageViewModel.swift */; };
		58AB70AE2B2C88570061C072 /* MyPageThookBoxView.swift in Sources */ = {isa = PBXBuildFile; fileRef = 58AB70AD2B2C88570061C072 /* MyPageThookBoxView.swift */; };
		58AB70B12B2C90560061C072 /* MyPageListTableViewCell.swift in Sources */ = {isa = PBXBuildFile; fileRef = 58AB70B02B2C90560061C072 /* MyPageListTableViewCell.swift */; };
		58AB70B42B2C970E0061C072 /* Kingfisher in Frameworks */ = {isa = PBXBuildFile; productRef = 58AB70B32B2C970E0061C072 /* Kingfisher */; };
		58E75F982B00B15A00512FE2 /* BaseViewController.swift in Sources */ = {isa = PBXBuildFile; fileRef = 58E75F972B00B15A00512FE2 /* BaseViewController.swift */; };
		58E75F9A2B00B33F00512FE2 /* BaseView.swift in Sources */ = {isa = PBXBuildFile; fileRef = 58E75F992B00B33F00512FE2 /* BaseView.swift */; };
		58E75F9D2B00B63C00512FE2 /* SplashViewController.swift in Sources */ = {isa = PBXBuildFile; fileRef = 58E75F9C2B00B63C00512FE2 /* SplashViewController.swift */; };
		58E75FA02B00B72400512FE2 /* Lottie in Frameworks */ = {isa = PBXBuildFile; productRef = 58E75F9F2B00B72400512FE2 /* Lottie */; };
		58E75FA32B00BB1E00512FE2 /* GrowthookSplashLottie.json in Resources */ = {isa = PBXBuildFile; fileRef = 58E75FA22B00BB1E00512FE2 /* GrowthookSplashLottie.json */; };
		58E75FAA2B00C15800512FE2 /* CreatingNewInsightsViewController.swift in Sources */ = {isa = PBXBuildFile; fileRef = 58E75FA92B00C15800512FE2 /* CreatingNewInsightsViewController.swift */; };
		58E75FAC2B00C16900512FE2 /* InsightsViewModel.swift in Sources */ = {isa = PBXBuildFile; fileRef = 58E75FAB2B00C16900512FE2 /* InsightsViewModel.swift */; };
		58E75FAE2B00C1F000512FE2 /* CreatingNewInsightsView.swift in Sources */ = {isa = PBXBuildFile; fileRef = 58E75FAD2B00C1F000512FE2 /* CreatingNewInsightsView.swift */; };
		58E75FB02B00C59200512FE2 /* UITextViewWithTintedWhenEdited.swift in Sources */ = {isa = PBXBuildFile; fileRef = 58E75FAF2B00C59200512FE2 /* UITextViewWithTintedWhenEdited.swift */; };
		58E75FB22B00CF2100512FE2 /* UITextFieldWithTintedWhenEdited.swift in Sources */ = {isa = PBXBuildFile; fileRef = 58E75FB12B00CF2100512FE2 /* UITextFieldWithTintedWhenEdited.swift */; };
		58EFF5D92B445A95003C3838 /* Networkable.swift in Sources */ = {isa = PBXBuildFile; fileRef = 58EFF5D82B445A95003C3838 /* Networkable.swift */; };
		58EFF5DB2B445AB6003C3838 /* BaseTargetType.swift in Sources */ = {isa = PBXBuildFile; fileRef = 58EFF5DA2B445AB6003C3838 /* BaseTargetType.swift */; };
		58EFF5DE2B445AE2003C3838 /* ServiceError.swift in Sources */ = {isa = PBXBuildFile; fileRef = 58EFF5DD2B445AE2003C3838 /* ServiceError.swift */; };
/* End PBXBuildFile section */

/* Begin PBXFileReference section */
		03115F8B2B27072A009D1517 /* KakaoLoginViewController.swift */ = {isa = PBXFileReference; lastKnownFileType = sourcecode.swift; path = KakaoLoginViewController.swift; sourceTree = "<group>"; };
		032213312B14C4EF00FF5CF1 /* UnLockInsightAlertView.swift */ = {isa = PBXFileReference; lastKnownFileType = sourcecode.swift; path = UnLockInsightAlertView.swift; sourceTree = "<group>"; };
		032213792B17642E00FF5CF1 /* RemoveInsightAlertView.swift */ = {isa = PBXFileReference; lastKnownFileType = sourcecode.swift; path = RemoveInsightAlertView.swift; sourceTree = "<group>"; };
		0322137D2B17731E00FF5CF1 /* RemoveInsightAlertViewController.swift */ = {isa = PBXFileReference; lastKnownFileType = sourcecode.swift; path = RemoveInsightAlertViewController.swift; sourceTree = "<group>"; };
		0322137F2B177F8E00FF5CF1 /* RemoveInsightViewModel.swift */ = {isa = PBXFileReference; lastKnownFileType = sourcecode.swift; path = RemoveInsightViewModel.swift; sourceTree = "<group>"; };
		032213812B17960700FF5CF1 /* NotificationAlertView.swift */ = {isa = PBXFileReference; lastKnownFileType = sourcecode.swift; path = NotificationAlertView.swift; sourceTree = "<group>"; };
		032213A42B1C54EB00FF5CF1 /* ScrapOnlyButton.swift */ = {isa = PBXFileReference; lastKnownFileType = sourcecode.swift; path = ScrapOnlyButton.swift; sourceTree = "<group>"; };
		033E9C0F2AFCE0860051A9E8 /* Image.xcassets */ = {isa = PBXFileReference; lastKnownFileType = folder.assetcatalog; path = Image.xcassets; sourceTree = "<group>"; };
		033E9C122AFD2F630051A9E8 /* CustomNavigationBar.swift */ = {isa = PBXFileReference; lastKnownFileType = sourcecode.swift; path = CustomNavigationBar.swift; sourceTree = "<group>"; };
		033E9C172AFE33A80051A9E8 /* HomeCaveView.swift */ = {isa = PBXFileReference; lastKnownFileType = sourcecode.swift; path = HomeCaveView.swift; sourceTree = "<group>"; };
		033E9C1A2AFE606E0051A9E8 /* CaveCollectionViewCell.swift */ = {isa = PBXFileReference; lastKnownFileType = sourcecode.swift; path = CaveCollectionViewCell.swift; sourceTree = "<group>"; };
		033E9C1D2AFE63D40051A9E8 /* HomeViewModel.swift */ = {isa = PBXFileReference; lastKnownFileType = sourcecode.swift; path = HomeViewModel.swift; sourceTree = "<group>"; };
		033E9C1F2AFE725D0051A9E8 /* CaveProfile.swift */ = {isa = PBXFileReference; lastKnownFileType = sourcecode.swift; path = CaveProfile.swift; sourceTree = "<group>"; };
		03431ACE2B3D51220017EA52 /* Encodable+.swift */ = {isa = PBXFileReference; lastKnownFileType = sourcecode.swift; path = "Encodable+.swift"; sourceTree = "<group>"; };
		034580812B2D628F002DDEBA /* CaveDetailViewController.swift */ = {isa = PBXFileReference; lastKnownFileType = sourcecode.swift; path = CaveDetailViewController.swift; sourceTree = "<group>"; };
		034580842B2D6354002DDEBA /* CaveDetailView.swift */ = {isa = PBXFileReference; lastKnownFileType = sourcecode.swift; path = CaveDetailView.swift; sourceTree = "<group>"; };
		034580862B2D6B98002DDEBA /* CaveDescriptionView.swift */ = {isa = PBXFileReference; lastKnownFileType = sourcecode.swift; path = CaveDescriptionView.swift; sourceTree = "<group>"; };
		034580892B2D717D002DDEBA /* CaveDetailViewModel.swift */ = {isa = PBXFileReference; lastKnownFileType = sourcecode.swift; path = CaveDetailViewModel.swift; sourceTree = "<group>"; };
		0345808B2B2DBC15002DDEBA /* UnLockCaveAlertView.swift */ = {isa = PBXFileReference; lastKnownFileType = sourcecode.swift; path = UnLockCaveAlertView.swift; sourceTree = "<group>"; };
		034580962B36E343002DDEBA /* UICollectionView+.swift */ = {isa = PBXFileReference; lastKnownFileType = sourcecode.swift; path = "UICollectionView+.swift"; sourceTree = "<group>"; };
		035DB2A62B00E6F200161872 /* InsightListView.swift */ = {isa = PBXFileReference; lastKnownFileType = sourcecode.swift; path = InsightListView.swift; sourceTree = "<group>"; };
		035DB2AA2B00FF2400161872 /* InsightListCollectionViewCell.swift */ = {isa = PBXFileReference; lastKnownFileType = sourcecode.swift; path = InsightListCollectionViewCell.swift; sourceTree = "<group>"; };
		035DB2AC2B01041B00161872 /* InsightList.swift */ = {isa = PBXFileReference; lastKnownFileType = sourcecode.swift; path = InsightList.swift; sourceTree = "<group>"; };
		03B9AC532AF55FF900A5751C /* GeneralResponse.swift */ = {isa = PBXFileReference; lastKnownFileType = sourcecode.swift; path = GeneralResponse.swift; sourceTree = "<group>"; };
		03B9AC552AF5608900A5751C /* NetworkLoggerPlugin.swift */ = {isa = PBXFileReference; lastKnownFileType = sourcecode.swift; path = NetworkLoggerPlugin.swift; sourceTree = "<group>"; };
		03B9AC582AF560D800A5751C /* Config.swift */ = {isa = PBXFileReference; lastKnownFileType = sourcecode.swift; path = Config.swift; sourceTree = "<group>"; };
		03B9AC5A2AF5610D00A5751C /* APIConstant.swift */ = {isa = PBXFileReference; lastKnownFileType = sourcecode.swift; path = APIConstant.swift; sourceTree = "<group>"; };
		03B9AC5C2AF5614A00A5751C /* URLConstant.swift */ = {isa = PBXFileReference; lastKnownFileType = sourcecode.swift; path = URLConstant.swift; sourceTree = "<group>"; };
		03B9AC5F2AF561AD00A5751C /* API.swift */ = {isa = PBXFileReference; lastKnownFileType = sourcecode.swift; path = API.swift; sourceTree = "<group>"; };
		03B9AC612AF5624D00A5751C /* DTO.swift */ = {isa = PBXFileReference; lastKnownFileType = sourcecode.swift; path = DTO.swift; sourceTree = "<group>"; };
		03B9AC632AF562D000A5751C /* UIView+.swift */ = {isa = PBXFileReference; lastKnownFileType = sourcecode.swift; path = "UIView+.swift"; sourceTree = "<group>"; };
		03B9AC652AF5630200A5751C /* NSObject+.swift */ = {isa = PBXFileReference; lastKnownFileType = sourcecode.swift; path = "NSObject+.swift"; sourceTree = "<group>"; };
		03B9AC672AF5635800A5751C /* String+.swift */ = {isa = PBXFileReference; lastKnownFileType = sourcecode.swift; path = "String+.swift"; sourceTree = "<group>"; };
		03B9AC692AF5638700A5751C /* UIResponder+.swift */ = {isa = PBXFileReference; lastKnownFileType = sourcecode.swift; path = "UIResponder+.swift"; sourceTree = "<group>"; };
		03B9AC6B2AF563C200A5751C /* UIColor+.swift */ = {isa = PBXFileReference; lastKnownFileType = sourcecode.swift; path = "UIColor+.swift"; sourceTree = "<group>"; };
		03B9AC6D2AF563E200A5751C /* UIImage+.swift */ = {isa = PBXFileReference; lastKnownFileType = sourcecode.swift; path = "UIImage+.swift"; sourceTree = "<group>"; };
		03B9AC6F2AF563F300A5751C /* UIViewController+.swift */ = {isa = PBXFileReference; lastKnownFileType = sourcecode.swift; path = "UIViewController+.swift"; sourceTree = "<group>"; };
		03B9AC712AF5646000A5751C /* UITextField+.swift */ = {isa = PBXFileReference; lastKnownFileType = sourcecode.swift; path = "UITextField+.swift"; sourceTree = "<group>"; };
		03B9AC732AF5648900A5751C /* UITextView+.swift */ = {isa = PBXFileReference; lastKnownFileType = sourcecode.swift; path = "UITextView+.swift"; sourceTree = "<group>"; };
		03B9AC752AF564AE00A5751C /* UIStackView+.swift */ = {isa = PBXFileReference; lastKnownFileType = sourcecode.swift; path = "UIStackView+.swift"; sourceTree = "<group>"; };
		03B9AC772AF564C400A5751C /* UILabel+.swift */ = {isa = PBXFileReference; lastKnownFileType = sourcecode.swift; path = "UILabel+.swift"; sourceTree = "<group>"; };
		03B9AC792AF564FC00A5751C /* UITableView+.swift */ = {isa = PBXFileReference; lastKnownFileType = sourcecode.swift; path = "UITableView+.swift"; sourceTree = "<group>"; };
		03B9AC7B2AF5651600A5751C /* UITabBar+.swift */ = {isa = PBXFileReference; lastKnownFileType = sourcecode.swift; path = "UITabBar+.swift"; sourceTree = "<group>"; };
		03B9AC7D2AF5652E00A5751C /* UIButton+.swift */ = {isa = PBXFileReference; lastKnownFileType = sourcecode.swift; path = "UIButton+.swift"; sourceTree = "<group>"; };
		03B9AC7F2AF5657500A5751C /* ColorLiterals.swift */ = {isa = PBXFileReference; lastKnownFileType = sourcecode.swift; path = ColorLiterals.swift; sourceTree = "<group>"; };
		03B9AC812AF5658F00A5751C /* FontLiterals.swift */ = {isa = PBXFileReference; lastKnownFileType = sourcecode.swift; path = FontLiterals.swift; sourceTree = "<group>"; };
		03B9AC832AF565A300A5751C /* ImageLiterals.swift */ = {isa = PBXFileReference; lastKnownFileType = sourcecode.swift; path = ImageLiterals.swift; sourceTree = "<group>"; };
		03B9AC852AF565BA00A5751C /* SizeLiterals.swift */ = {isa = PBXFileReference; lastKnownFileType = sourcecode.swift; path = SizeLiterals.swift; sourceTree = "<group>"; };
		03B9AC872AF565CA00A5751C /* StringLiterals.swift */ = {isa = PBXFileReference; lastKnownFileType = sourcecode.swift; path = StringLiterals.swift; sourceTree = "<group>"; };
		03B9AC8A2AF5660D00A5751C /* Protocol.swift */ = {isa = PBXFileReference; lastKnownFileType = sourcecode.swift; path = Protocol.swift; sourceTree = "<group>"; };
		03B9AC8C2AF5663C00A5751C /* Font.swift */ = {isa = PBXFileReference; lastKnownFileType = sourcecode.swift; path = Font.swift; sourceTree = "<group>"; };
		03B9AC8E2AF5667300A5751C /* MakeVibrate.swift */ = {isa = PBXFileReference; lastKnownFileType = sourcecode.swift; path = MakeVibrate.swift; sourceTree = "<group>"; };
		03B9AC902AF5669600A5751C /* MakeAlert.swift */ = {isa = PBXFileReference; lastKnownFileType = sourcecode.swift; path = MakeAlert.swift; sourceTree = "<group>"; };
		03B9AC922AF566B300A5751C /* ButtonPress.swift */ = {isa = PBXFileReference; lastKnownFileType = sourcecode.swift; path = ButtonPress.swift; sourceTree = "<group>"; };
		03B9AC942AF566C800A5751C /* BlurredLabel.swift */ = {isa = PBXFileReference; lastKnownFileType = sourcecode.swift; path = BlurredLabel.swift; sourceTree = "<group>"; };
		03B9AC9A2AF7A96000A5751C /* TabBarController.swift */ = {isa = PBXFileReference; lastKnownFileType = sourcecode.swift; path = TabBarController.swift; sourceTree = "<group>"; };
		03B9AC9C2AF7A9EB00A5751C /* TabBarItem.swift */ = {isa = PBXFileReference; lastKnownFileType = sourcecode.swift; path = TabBarItem.swift; sourceTree = "<group>"; };
		03B9ACA02AF7B25B00A5751C /* HomeViewController.swift */ = {isa = PBXFileReference; lastKnownFileType = sourcecode.swift; path = HomeViewController.swift; sourceTree = "<group>"; };
		03B9ACA52AF7B2A200A5751C /* ActionListViewController.swift */ = {isa = PBXFileReference; lastKnownFileType = sourcecode.swift; path = ActionListViewController.swift; sourceTree = "<group>"; };
		03B9ACA82AF7B2B000A5751C /* MypageViewController.swift */ = {isa = PBXFileReference; lastKnownFileType = sourcecode.swift; path = MypageViewController.swift; sourceTree = "<group>"; };
		03C3565E2B0B702900750758 /* InsightTapBottomSheet.swift */ = {isa = PBXFileReference; lastKnownFileType = sourcecode.swift; path = InsightTapBottomSheet.swift; sourceTree = "<group>"; };
		03C356602B0F533E00750758 /* CaveListHalfModal.swift */ = {isa = PBXFileReference; lastKnownFileType = sourcecode.swift; path = CaveListHalfModal.swift; sourceTree = "<group>"; };
		03C356622B1069AC00750758 /* CaveListHalfModalCell.swift */ = {isa = PBXFileReference; lastKnownFileType = sourcecode.swift; path = CaveListHalfModalCell.swift; sourceTree = "<group>"; };
		03C356642B106AC800750758 /* CaveListViewModel.swift */ = {isa = PBXFileReference; lastKnownFileType = sourcecode.swift; path = CaveListViewModel.swift; sourceTree = "<group>"; };
		03C356662B108EB800750758 /* InsightTapViewModel.swift */ = {isa = PBXFileReference; lastKnownFileType = sourcecode.swift; path = InsightTapViewModel.swift; sourceTree = "<group>"; };
		03E480FC2AF2AFDC002F4CBC /* Growthook.app */ = {isa = PBXFileReference; explicitFileType = wrapper.application; includeInIndex = 0; path = Growthook.app; sourceTree = BUILT_PRODUCTS_DIR; };
		03E480FF2AF2AFDC002F4CBC /* AppDelegate.swift */ = {isa = PBXFileReference; lastKnownFileType = sourcecode.swift; path = AppDelegate.swift; sourceTree = "<group>"; };
		03E481012AF2AFDC002F4CBC /* SceneDelegate.swift */ = {isa = PBXFileReference; lastKnownFileType = sourcecode.swift; path = SceneDelegate.swift; sourceTree = "<group>"; };
		03E481082AF2AFDD002F4CBC /* Assets.xcassets */ = {isa = PBXFileReference; lastKnownFileType = folder.assetcatalog; path = Assets.xcassets; sourceTree = "<group>"; };
		03E4810B2AF2AFDD002F4CBC /* Base */ = {isa = PBXFileReference; lastKnownFileType = file.storyboard; name = Base; path = Base.lproj/LaunchScreen.storyboard; sourceTree = "<group>"; };
		03E4810D2AF2AFDD002F4CBC /* Info.plist */ = {isa = PBXFileReference; lastKnownFileType = text.plist.xml; path = Info.plist; sourceTree = "<group>"; };
		09089A692B03B3E2006C07B8 /* AlertBuilder.swift */ = {isa = PBXFileReference; lastKnownFileType = sourcecode.swift; path = AlertBuilder.swift; sourceTree = "<group>"; };
		09089A6B2B03B41B006C07B8 /* CustomAlertViewController.swift */ = {isa = PBXFileReference; lastKnownFileType = sourcecode.swift; path = CustomAlertViewController.swift; sourceTree = "<group>"; };
		092C816C2B334E13006B0F65 /* CreateSpecificPlanView .swift */ = {isa = PBXFileReference; lastKnownFileType = sourcecode.swift; path = "CreateSpecificPlanView .swift"; sourceTree = "<group>"; };
		092C816F2B3351DA006B0F65 /* SpecificPlanCollectionViewCell.swift */ = {isa = PBXFileReference; lastKnownFileType = sourcecode.swift; path = SpecificPlanCollectionViewCell.swift; sourceTree = "<group>"; };
		09A7D6FC2B00DE9C005F8821 /* CreateCaveViewController.swift */ = {isa = PBXFileReference; lastKnownFileType = sourcecode.swift; path = CreateCaveViewController.swift; sourceTree = "<group>"; };
		09A7D6FF2B00DED0005F8821 /* CreateCaveViewModel.swift */ = {isa = PBXFileReference; lastKnownFileType = sourcecode.swift; path = CreateCaveViewModel.swift; sourceTree = "<group>"; };
		09A7D7012B00DFC6005F8821 /* BottomCTAButton.swift */ = {isa = PBXFileReference; lastKnownFileType = sourcecode.swift; path = BottomCTAButton.swift; sourceTree = "<group>"; };
		09A7D7042B00EC03005F8821 /* CreateCaveView.swift */ = {isa = PBXFileReference; lastKnownFileType = sourcecode.swift; path = CreateCaveView.swift; sourceTree = "<group>"; };
		09A7D7092B01E6A9005F8821 /* CreateCaveModel.swift */ = {isa = PBXFileReference; lastKnownFileType = sourcecode.swift; path = CreateCaveModel.swift; sourceTree = "<group>"; };
		09CE00E92B0DB13700CB42C4 /* CreateActionViewModel.swift */ = {isa = PBXFileReference; lastKnownFileType = sourcecode.swift; path = CreateActionViewModel.swift; sourceTree = "<group>"; };
		09CE00EC2B0DB1EA00CB42C4 /* CreateActionView.swift */ = {isa = PBXFileReference; lastKnownFileType = sourcecode.swift; path = CreateActionView.swift; sourceTree = "<group>"; };
		09CE00EF2B0DB1FB00CB42C4 /* CreateActionViewControlller.swift */ = {isa = PBXFileReference; lastKnownFileType = sourcecode.swift; path = CreateActionViewControlller.swift; sourceTree = "<group>"; };
		09CE00F42B0DB9CC00CB42C4 /* InsightModel.swift */ = {isa = PBXFileReference; lastKnownFileType = sourcecode.swift; path = InsightModel.swift; sourceTree = "<group>"; };
		09CE00F62B0DBAE800CB42C4 /* InsightView.swift */ = {isa = PBXFileReference; lastKnownFileType = sourcecode.swift; path = InsightView.swift; sourceTree = "<group>"; };
		09CE00F82B0DD3E300CB42C4 /* ActionPlanModel.swift */ = {isa = PBXFileReference; lastKnownFileType = sourcecode.swift; path = ActionPlanModel.swift; sourceTree = "<group>"; };
		09DE07FF2B04FAEE00D7DF3D /* EmptySeedView.swift */ = {isa = PBXFileReference; lastKnownFileType = sourcecode.swift; path = EmptySeedView.swift; sourceTree = "<group>"; };
		09DE08012B04FDF800D7DF3D /* EmptyViewController.swift */ = {isa = PBXFileReference; lastKnownFileType = sourcecode.swift; path = EmptyViewController.swift; sourceTree = "<group>"; };
		250F7D722B145F4C00D9726F /* ActionListCompleteTableViewCell.swift */ = {isa = PBXFileReference; lastKnownFileType = sourcecode.swift; path = ActionListCompleteTableViewCell.swift; sourceTree = "<group>"; };
		250F7D742B14624300D9726F /* ActionListReviewViewController.swift */ = {isa = PBXFileReference; lastKnownFileType = sourcecode.swift; path = ActionListReviewViewController.swift; sourceTree = "<group>"; };
		250F7D762B16D01500D9726F /* AlertViewController.swift */ = {isa = PBXFileReference; lastKnownFileType = sourcecode.swift; path = AlertViewController.swift; sourceTree = "<group>"; };
		252DD8832B063A7900DBB1D1 /* ActionListViewModel.swift */ = {isa = PBXFileReference; lastKnownFileType = sourcecode.swift; path = ActionListViewModel.swift; sourceTree = "<group>"; };
		2568FA172B0DD47E00CAD12A /* ActionListBottomSheetViewController.swift */ = {isa = PBXFileReference; lastKnownFileType = sourcecode.swift; path = ActionListBottomSheetViewController.swift; sourceTree = "<group>"; };
		25BD95172B0894A200E72ADC /* ActionListTableViewCell.swift */ = {isa = PBXFileReference; lastKnownFileType = sourcecode.swift; path = ActionListTableViewCell.swift; sourceTree = "<group>"; };
		25BD951A2B089B9900E72ADC /* ActionListModel.swift */ = {isa = PBXFileReference; lastKnownFileType = sourcecode.swift; path = ActionListModel.swift; sourceTree = "<group>"; };
		25BD951C2B08F6F600E72ADC /* InprogressViewController.swift */ = {isa = PBXFileReference; lastKnownFileType = sourcecode.swift; path = InprogressViewController.swift; sourceTree = "<group>"; };
		25BD951E2B08F73700E72ADC /* CompleteViewController.swift */ = {isa = PBXFileReference; lastKnownFileType = sourcecode.swift; path = CompleteViewController.swift; sourceTree = "<group>"; };
		25EAFA5A2B0255BB00283CD8 /* MainTitleBarView.swift */ = {isa = PBXFileReference; lastKnownFileType = sourcecode.swift; path = MainTitleBarView.swift; sourceTree = "<group>"; };
		25EAFA5C2B02597800283CD8 /* ActionListSegmentedView.swift */ = {isa = PBXFileReference; lastKnownFileType = sourcecode.swift; path = ActionListSegmentedView.swift; sourceTree = "<group>"; };
		581D228D2B320C630068E58D /* CommonTextFieldWithBorder.swift */ = {isa = PBXFileReference; lastKnownFileType = sourcecode.swift; path = CommonTextFieldWithBorder.swift; sourceTree = "<group>"; };
		581D228F2B32A9240068E58D /* Reactive+UITextField.swift */ = {isa = PBXFileReference; lastKnownFileType = sourcecode.swift; path = "Reactive+UITextField.swift"; sourceTree = "<group>"; };
		581D22912B32A92F0068E58D /* Reactive+UIControl.swift */ = {isa = PBXFileReference; lastKnownFileType = sourcecode.swift; path = "Reactive+UIControl.swift"; sourceTree = "<group>"; };
		581D22932B32EC950068E58D /* CommonTextViewWithBorder.swift */ = {isa = PBXFileReference; lastKnownFileType = sourcecode.swift; path = CommonTextViewWithBorder.swift; sourceTree = "<group>"; };
		581D22972B3356150068E58D /* SelectBlockWithTitle.swift */ = {isa = PBXFileReference; lastKnownFileType = sourcecode.swift; path = SelectBlockWithTitle.swift; sourceTree = "<group>"; };
		581D22992B3362330068E58D /* CommonCustomNavigationBar.swift */ = {isa = PBXFileReference; lastKnownFileType = sourcecode.swift; path = CommonCustomNavigationBar.swift; sourceTree = "<group>"; };
		581D229B2B3364BB0068E58D /* EnlargedAreaButton.swift */ = {isa = PBXFileReference; lastKnownFileType = sourcecode.swift; path = EnlargedAreaButton.swift; sourceTree = "<group>"; };
		582F9C472B304B5E0000D161 /* TextFieldBlockWithTitle.swift */ = {isa = PBXFileReference; lastKnownFileType = sourcecode.swift; path = TextFieldBlockWithTitle.swift; sourceTree = "<group>"; };
		582F9C492B304B720000D161 /* TextViewBlockWithTitle.swift */ = {isa = PBXFileReference; lastKnownFileType = sourcecode.swift; path = TextViewBlockWithTitle.swift; sourceTree = "<group>"; };
		584EDAD62B4A57E60094872A /* Observable+.swift */ = {isa = PBXFileReference; lastKnownFileType = sourcecode.swift; path = "Observable+.swift"; sourceTree = "<group>"; };
		5880F4662B3423B8004C1494 /* InsightSelectCaveTableViewCell.swift */ = {isa = PBXFileReference; lastKnownFileType = sourcecode.swift; path = InsightSelectCaveTableViewCell.swift; sourceTree = "<group>"; };
		5880F46A2B342FF7004C1494 /* InsightSelectCaveSheetViewController.swift */ = {isa = PBXFileReference; lastKnownFileType = sourcecode.swift; path = InsightSelectCaveSheetViewController.swift; sourceTree = "<group>"; };
		5880F46C2B34300D004C1494 /* InsightSelectPeriodSheetViewController.swift */ = {isa = PBXFileReference; lastKnownFileType = sourcecode.swift; path = InsightSelectPeriodSheetViewController.swift; sourceTree = "<group>"; };
		58AB70AB2B2C7CC50061C072 /* MyPageViewModel.swift */ = {isa = PBXFileReference; lastKnownFileType = sourcecode.swift; path = MyPageViewModel.swift; sourceTree = "<group>"; };
		58AB70AD2B2C88570061C072 /* MyPageThookBoxView.swift */ = {isa = PBXFileReference; lastKnownFileType = sourcecode.swift; path = MyPageThookBoxView.swift; sourceTree = "<group>"; };
		58AB70B02B2C90560061C072 /* MyPageListTableViewCell.swift */ = {isa = PBXFileReference; lastKnownFileType = sourcecode.swift; path = MyPageListTableViewCell.swift; sourceTree = "<group>"; };
		58E75F972B00B15A00512FE2 /* BaseViewController.swift */ = {isa = PBXFileReference; lastKnownFileType = sourcecode.swift; path = BaseViewController.swift; sourceTree = "<group>"; };
		58E75F992B00B33F00512FE2 /* BaseView.swift */ = {isa = PBXFileReference; lastKnownFileType = sourcecode.swift; path = BaseView.swift; sourceTree = "<group>"; };
		58E75F9C2B00B63C00512FE2 /* SplashViewController.swift */ = {isa = PBXFileReference; lastKnownFileType = sourcecode.swift; path = SplashViewController.swift; sourceTree = "<group>"; };
		58E75FA22B00BB1E00512FE2 /* GrowthookSplashLottie.json */ = {isa = PBXFileReference; fileEncoding = 4; lastKnownFileType = text.json; path = GrowthookSplashLottie.json; sourceTree = "<group>"; };
		58E75FA92B00C15800512FE2 /* CreatingNewInsightsViewController.swift */ = {isa = PBXFileReference; lastKnownFileType = sourcecode.swift; path = CreatingNewInsightsViewController.swift; sourceTree = "<group>"; };
		58E75FAB2B00C16900512FE2 /* InsightsViewModel.swift */ = {isa = PBXFileReference; lastKnownFileType = sourcecode.swift; path = InsightsViewModel.swift; sourceTree = "<group>"; };
		58E75FAD2B00C1F000512FE2 /* CreatingNewInsightsView.swift */ = {isa = PBXFileReference; lastKnownFileType = sourcecode.swift; path = CreatingNewInsightsView.swift; sourceTree = "<group>"; };
		58E75FAF2B00C59200512FE2 /* UITextViewWithTintedWhenEdited.swift */ = {isa = PBXFileReference; lastKnownFileType = sourcecode.swift; path = UITextViewWithTintedWhenEdited.swift; sourceTree = "<group>"; };
		58E75FB12B00CF2100512FE2 /* UITextFieldWithTintedWhenEdited.swift */ = {isa = PBXFileReference; lastKnownFileType = sourcecode.swift; path = UITextFieldWithTintedWhenEdited.swift; sourceTree = "<group>"; };
		58EFF5D82B445A95003C3838 /* Networkable.swift */ = {isa = PBXFileReference; lastKnownFileType = sourcecode.swift; path = Networkable.swift; sourceTree = "<group>"; };
		58EFF5DA2B445AB6003C3838 /* BaseTargetType.swift */ = {isa = PBXFileReference; lastKnownFileType = sourcecode.swift; path = BaseTargetType.swift; sourceTree = "<group>"; };
		58EFF5DD2B445AE2003C3838 /* ServiceError.swift */ = {isa = PBXFileReference; lastKnownFileType = sourcecode.swift; path = ServiceError.swift; sourceTree = "<group>"; };
/* End PBXFileReference section */

/* Begin PBXFrameworksBuildPhase section */
		03E480F92AF2AFDC002F4CBC /* Frameworks */ = {
			isa = PBXFrameworksBuildPhase;
			buildActionMask = 2147483647;
			files = (
				03E481192AF2B126002F4CBC /* RxSwift in Frameworks */,
				03E481172AF2B126002F4CBC /* RxRelay in Frameworks */,
				58AB70B42B2C970E0061C072 /* Kingfisher in Frameworks */,
				03E481222AF2B1DA002F4CBC /* Moya in Frameworks */,
				03E481152AF2B126002F4CBC /* RxCocoa in Frameworks */,
				03115F862B26FCA8009D1517 /* KakaoSDKCommon in Frameworks */,
				03E481242AF2B1DA002F4CBC /* RxMoya in Frameworks */,
				03E4811C2AF2B130002F4CBC /* Then in Frameworks */,
				03115F842B26FCA8009D1517 /* KakaoSDKAuth in Frameworks */,
				03115F882B26FCA8009D1517 /* KakaoSDKUser in Frameworks */,
				03E4811F2AF2B13A002F4CBC /* SnapKit in Frameworks */,
				58E75FA02B00B72400512FE2 /* Lottie in Frameworks */,
				03115F822B26FB9A009D1517 /* KakaoSDKUser in Frameworks */,
				03115F802B26FB9A009D1517 /* KakaoSDKAuth in Frameworks */,
			);
			runOnlyForDeploymentPostprocessing = 0;
		};
/* End PBXFrameworksBuildPhase section */

/* Begin PBXGroup section */
		03115F892B270698009D1517 /* Onboarding */ = {
			isa = PBXGroup;
			children = (
				03115F8A2B2706AD009D1517 /* ViewControllers */,
			);
			path = Onboarding;
			sourceTree = "<group>";
		};
		03115F8A2B2706AD009D1517 /* ViewControllers */ = {
			isa = PBXGroup;
			children = (
				03115F8B2B27072A009D1517 /* KakaoLoginViewController.swift */,
			);
			path = ViewControllers;
			sourceTree = "<group>";
		};
		033E9C112AFD2F230051A9E8 /* UIComponents */ = {
			isa = PBXGroup;
			children = (
				033E9C122AFD2F630051A9E8 /* CustomNavigationBar.swift */,
				58E75FB12B00CF2100512FE2 /* UITextFieldWithTintedWhenEdited.swift */,
				58E75FAF2B00C59200512FE2 /* UITextViewWithTintedWhenEdited.swift */,
				09A7D7012B00DFC6005F8821 /* BottomCTAButton.swift */,
				032213312B14C4EF00FF5CF1 /* UnLockInsightAlertView.swift */,
				032213792B17642E00FF5CF1 /* RemoveInsightAlertView.swift */,
				032213A42B1C54EB00FF5CF1 /* ScrapOnlyButton.swift */,
				0345808B2B2DBC15002DDEBA /* UnLockCaveAlertView.swift */,
			);
			path = UIComponents;
			sourceTree = "<group>";
		};
		033E9C142AFE30350051A9E8 /* Views */ = {
			isa = PBXGroup;
			children = (
				033E9C172AFE33A80051A9E8 /* HomeCaveView.swift */,
				035DB2A62B00E6F200161872 /* InsightListView.swift */,
				032213812B17960700FF5CF1 /* NotificationAlertView.swift */,
			);
			path = Views;
			sourceTree = "<group>";
		};
		033E9C192AFE60570051A9E8 /* Cell */ = {
			isa = PBXGroup;
			children = (
				033E9C1A2AFE606E0051A9E8 /* CaveCollectionViewCell.swift */,
				035DB2AA2B00FF2400161872 /* InsightListCollectionViewCell.swift */,
				03C356622B1069AC00750758 /* CaveListHalfModalCell.swift */,
			);
			path = Cell;
			sourceTree = "<group>";
		};
		033E9C1C2AFE63C80051A9E8 /* Models */ = {
			isa = PBXGroup;
			children = (
				033E9C1F2AFE725D0051A9E8 /* CaveProfile.swift */,
				035DB2AC2B01041B00161872 /* InsightList.swift */,
			);
			path = Models;
			sourceTree = "<group>";
		};
		0345807F2B2D6260002DDEBA /* CaveDetail */ = {
			isa = PBXGroup;
			children = (
				034580882B2D716E002DDEBA /* ViewModels */,
				034580832B2D633C002DDEBA /* Views */,
				034580802B2D6280002DDEBA /* ViewControllers */,
			);
			path = CaveDetail;
			sourceTree = "<group>";
		};
		034580802B2D6280002DDEBA /* ViewControllers */ = {
			isa = PBXGroup;
			children = (
				034580812B2D628F002DDEBA /* CaveDetailViewController.swift */,
			);
			path = ViewControllers;
			sourceTree = "<group>";
		};
		034580832B2D633C002DDEBA /* Views */ = {
			isa = PBXGroup;
			children = (
				034580842B2D6354002DDEBA /* CaveDetailView.swift */,
				034580862B2D6B98002DDEBA /* CaveDescriptionView.swift */,
			);
			path = Views;
			sourceTree = "<group>";
		};
		034580882B2D716E002DDEBA /* ViewModels */ = {
			isa = PBXGroup;
			children = (
				034580892B2D717D002DDEBA /* CaveDetailViewModel.swift */,
			);
			path = ViewModels;
			sourceTree = "<group>";
		};
		035DB2AE2B076F4B00161872 /* ViewModels */ = {
			isa = PBXGroup;
			children = (
				033E9C1D2AFE63D40051A9E8 /* HomeViewModel.swift */,
				03C356662B108EB800750758 /* InsightTapViewModel.swift */,
				03C356642B106AC800750758 /* CaveListViewModel.swift */,
				0322137F2B177F8E00FF5CF1 /* RemoveInsightViewModel.swift */,
			);
			path = ViewModels;
			sourceTree = "<group>";
		};
		03B9AC472AF55CA000A5751C /* Application */ = {
			isa = PBXGroup;
			children = (
				03E480FF2AF2AFDC002F4CBC /* AppDelegate.swift */,
				03E481012AF2AFDC002F4CBC /* SceneDelegate.swift */,
				58E75F9C2B00B63C00512FE2 /* SplashViewController.swift */,
			);
			path = Application;
			sourceTree = "<group>";
		};
		03B9AC482AF55E1E00A5751C /* Network */ = {
			isa = PBXGroup;
			children = (
				58EFF5DC2B445AD2003C3838 /* ServiceError */,
				03B9AC5E2AF561A200A5751C /* API */,
				03B9AC522AF55FBB00A5751C /* Base */,
				03B9AC572AF560C000A5751C /* Enviornment */,
			);
			path = Network;
			sourceTree = "<group>";
		};
		03B9AC492AF55E3300A5751C /* Data */ = {
			isa = PBXGroup;
			children = (
				03B9AC612AF5624D00A5751C /* DTO.swift */,
			);
			path = Data;
			sourceTree = "<group>";
		};
		03B9AC4A2AF55E3D00A5751C /* Presentation */ = {
			isa = PBXGroup;
			children = (
				03115F892B270698009D1517 /* Onboarding */,
				03B9AC982AF7A86800A5751C /* Common */,
				58E75FA42B00C0C700512FE2 /* Insights */,
				03B9AC9E2AF7B15E00A5751C /* Home */,
				0345807F2B2D6260002DDEBA /* CaveDetail */,
				03B9ACA22AF7B27600A5751C /* ActionList */,
				03B9ACA32AF7B28200A5751C /* Mypage */,
				09A7D6FA2B00DCAA005F8821 /* CreateCave */,
				09CE00E72B0DB0F800CB42C4 /* CreateAction */,
			);
			path = Presentation;
			sourceTree = "<group>";
		};
		03B9AC4B2AF55E7E00A5751C /* Global */ = {
			isa = PBXGroup;
			children = (
				03B9AC4F2AF55EF300A5751C /* Extension */,
				03B9AC502AF55EFA00A5751C /* Literals */,
				03B9AC892AF565FE00A5751C /* Protocols */,
				03B9AC4C2AF55E9D00A5751C /* Resource */,
				03B9AC512AF55F0A00A5751C /* Utils */,
			);
			path = Global;
			sourceTree = "<group>";
		};
		03B9AC4C2AF55E9D00A5751C /* Resource */ = {
			isa = PBXGroup;
			children = (
				58E75FA12B00BAFC00512FE2 /* Lotties */,
				03B9AC4D2AF55EA100A5751C /* AssetCatalog */,
				03B9AC4E2AF55EB300A5751C /* Font */,
				03E4810A2AF2AFDD002F4CBC /* LaunchScreen.storyboard */,
			);
			path = Resource;
			sourceTree = "<group>";
		};
		03B9AC4D2AF55EA100A5751C /* AssetCatalog */ = {
			isa = PBXGroup;
			children = (
				03E481082AF2AFDD002F4CBC /* Assets.xcassets */,
				033E9C0F2AFCE0860051A9E8 /* Image.xcassets */,
			);
			path = AssetCatalog;
			sourceTree = "<group>";
		};
		03B9AC4E2AF55EB300A5751C /* Font */ = {
			isa = PBXGroup;
			children = (
				03B9AC8C2AF5663C00A5751C /* Font.swift */,
			);
			path = Font;
			sourceTree = "<group>";
		};
		03B9AC4F2AF55EF300A5751C /* Extension */ = {
			isa = PBXGroup;
			children = (
				03B9AC672AF5635800A5751C /* String+.swift */,
				03B9AC652AF5630200A5751C /* NSObject+.swift */,
				03B9AC632AF562D000A5751C /* UIView+.swift */,
				03B9AC692AF5638700A5751C /* UIResponder+.swift */,
				03B9AC6B2AF563C200A5751C /* UIColor+.swift */,
				03B9AC6D2AF563E200A5751C /* UIImage+.swift */,
				03B9AC6F2AF563F300A5751C /* UIViewController+.swift */,
				03B9AC712AF5646000A5751C /* UITextField+.swift */,
				03B9AC732AF5648900A5751C /* UITextView+.swift */,
				03B9AC752AF564AE00A5751C /* UIStackView+.swift */,
				03B9AC772AF564C400A5751C /* UILabel+.swift */,
				03B9AC792AF564FC00A5751C /* UITableView+.swift */,
				03B9AC7B2AF5651600A5751C /* UITabBar+.swift */,
				03B9AC7D2AF5652E00A5751C /* UIButton+.swift */,
				034580962B36E343002DDEBA /* UICollectionView+.swift */,
				581D228F2B32A9240068E58D /* Reactive+UITextField.swift */,
				581D22912B32A92F0068E58D /* Reactive+UIControl.swift */,
				03431ACE2B3D51220017EA52 /* Encodable+.swift */,
				584EDAD62B4A57E60094872A /* Observable+.swift */,
			);
			path = Extension;
			sourceTree = "<group>";
		};
		03B9AC502AF55EFA00A5751C /* Literals */ = {
			isa = PBXGroup;
			children = (
				03B9AC7F2AF5657500A5751C /* ColorLiterals.swift */,
				03B9AC812AF5658F00A5751C /* FontLiterals.swift */,
				03B9AC832AF565A300A5751C /* ImageLiterals.swift */,
				03B9AC852AF565BA00A5751C /* SizeLiterals.swift */,
				03B9AC872AF565CA00A5751C /* StringLiterals.swift */,
			);
			path = Literals;
			sourceTree = "<group>";
		};
		03B9AC512AF55F0A00A5751C /* Utils */ = {
			isa = PBXGroup;
			children = (
				03B9AC8E2AF5667300A5751C /* MakeVibrate.swift */,
				03B9AC902AF5669600A5751C /* MakeAlert.swift */,
				03B9AC922AF566B300A5751C /* ButtonPress.swift */,
				03B9AC942AF566C800A5751C /* BlurredLabel.swift */,
			);
			path = Utils;
			sourceTree = "<group>";
		};
		03B9AC522AF55FBB00A5751C /* Base */ = {
			isa = PBXGroup;
			children = (
				03B9AC532AF55FF900A5751C /* GeneralResponse.swift */,
				03B9AC552AF5608900A5751C /* NetworkLoggerPlugin.swift */,
				03B9AC5A2AF5610D00A5751C /* APIConstant.swift */,
				03B9AC5C2AF5614A00A5751C /* URLConstant.swift */,
				58EFF5D82B445A95003C3838 /* Networkable.swift */,
				58EFF5DA2B445AB6003C3838 /* BaseTargetType.swift */,
			);
			path = Base;
			sourceTree = "<group>";
		};
		03B9AC572AF560C000A5751C /* Enviornment */ = {
			isa = PBXGroup;
			children = (
				03B9AC582AF560D800A5751C /* Config.swift */,
			);
			path = Enviornment;
			sourceTree = "<group>";
		};
		03B9AC5E2AF561A200A5751C /* API */ = {
			isa = PBXGroup;
			children = (
				03B9AC5F2AF561AD00A5751C /* API.swift */,
			);
			path = API;
			sourceTree = "<group>";
		};
		03B9AC892AF565FE00A5751C /* Protocols */ = {
			isa = PBXGroup;
			children = (
				03B9AC8A2AF5660D00A5751C /* Protocol.swift */,
			);
			path = Protocols;
			sourceTree = "<group>";
		};
		03B9AC982AF7A86800A5751C /* Common */ = {
			isa = PBXGroup;
			children = (
				58E75F962B00B14B00512FE2 /* Base */,
				033E9C112AFD2F230051A9E8 /* UIComponents */,
				03B9AC992AF7A89500A5751C /* TabBar */,
			);
			path = Common;
			sourceTree = "<group>";
		};
		03B9AC992AF7A89500A5751C /* TabBar */ = {
			isa = PBXGroup;
			children = (
				03B9AC9A2AF7A96000A5751C /* TabBarController.swift */,
				03B9AC9C2AF7A9EB00A5751C /* TabBarItem.swift */,
			);
			path = TabBar;
			sourceTree = "<group>";
		};
		03B9AC9E2AF7B15E00A5751C /* Home */ = {
			isa = PBXGroup;
			children = (
				033E9C1C2AFE63C80051A9E8 /* Models */,
				035DB2AE2B076F4B00161872 /* ViewModels */,
				033E9C142AFE30350051A9E8 /* Views */,
				03B9AC9F2AF7B24200A5751C /* ViewControllers */,
				033E9C192AFE60570051A9E8 /* Cell */,
			);
			path = Home;
			sourceTree = "<group>";
		};
		03B9AC9F2AF7B24200A5751C /* ViewControllers */ = {
			isa = PBXGroup;
			children = (
				03B9ACA02AF7B25B00A5751C /* HomeViewController.swift */,
				03C3565E2B0B702900750758 /* InsightTapBottomSheet.swift */,
				03C356602B0F533E00750758 /* CaveListHalfModal.swift */,
				0322137D2B17731E00FF5CF1 /* RemoveInsightAlertViewController.swift */,
			);
			path = ViewControllers;
			sourceTree = "<group>";
		};
		03B9ACA22AF7B27600A5751C /* ActionList */ = {
			isa = PBXGroup;
			children = (
				25BD95192B089B9000E72ADC /* Model */,
				252DD8822B0639FF00DBB1D1 /* Controllers */,
				252DD8812B0639FE00DBB1D1 /* ViewModels */,
				252DD8802B0639FC00DBB1D1 /* Views */,
				25BD95162B08946D00E72ADC /* Cell */,
			);
			path = ActionList;
			sourceTree = "<group>";
		};
		03B9ACA32AF7B28200A5751C /* Mypage */ = {
			isa = PBXGroup;
			children = (
				58AB70AA2B2C7C330061C072 /* ViewModels */,
				58AB70A92B2C7C2C0061C072 /* Views */,
				58AB70A82B2C7C240061C072 /* Controllers */,
			);
			path = Mypage;
			sourceTree = "<group>";
		};
		03E480F32AF2AFDC002F4CBC = {
			isa = PBXGroup;
			children = (
				03E480FE2AF2AFDC002F4CBC /* Growthook */,
				03E480FD2AF2AFDC002F4CBC /* Products */,
			);
			sourceTree = "<group>";
		};
		03E480FD2AF2AFDC002F4CBC /* Products */ = {
			isa = PBXGroup;
			children = (
				03E480FC2AF2AFDC002F4CBC /* Growthook.app */,
			);
			name = Products;
			sourceTree = "<group>";
		};
		03E480FE2AF2AFDC002F4CBC /* Growthook */ = {
			isa = PBXGroup;
			children = (
				03B9AC472AF55CA000A5751C /* Application */,
				03B9AC492AF55E3300A5751C /* Data */,
				03B9AC482AF55E1E00A5751C /* Network */,
				03B9AC4A2AF55E3D00A5751C /* Presentation */,
				03B9AC4B2AF55E7E00A5751C /* Global */,
				03E4810D2AF2AFDD002F4CBC /* Info.plist */,
			);
			path = Growthook;
			sourceTree = "<group>";
		};
		092C816E2B3351B6006B0F65 /* Cell */ = {
			isa = PBXGroup;
			children = (
				092C816F2B3351DA006B0F65 /* SpecificPlanCollectionViewCell.swift */,
			);
			path = Cell;
			sourceTree = "<group>";
		};
		09A7D6FA2B00DCAA005F8821 /* CreateCave */ = {
			isa = PBXGroup;
			children = (
				09A7D7082B01E68C005F8821 /* Model */,
				09A7D7032B00EBF2005F8821 /* View */,
				09A7D6FB2B00DE65005F8821 /* ViewController */,
				09A7D6FE2B00DEAF005F8821 /* ViewModel */,
			);
			path = CreateCave;
			sourceTree = "<group>";
		};
		09A7D6FB2B00DE65005F8821 /* ViewController */ = {
			isa = PBXGroup;
			children = (
				09A7D6FC2B00DE9C005F8821 /* CreateCaveViewController.swift */,
				09089A6B2B03B41B006C07B8 /* CustomAlertViewController.swift */,
				09DE08012B04FDF800D7DF3D /* EmptyViewController.swift */,
			);
			path = ViewController;
			sourceTree = "<group>";
		};
		09A7D6FE2B00DEAF005F8821 /* ViewModel */ = {
			isa = PBXGroup;
			children = (
				09A7D6FF2B00DED0005F8821 /* CreateCaveViewModel.swift */,
			);
			path = ViewModel;
			sourceTree = "<group>";
		};
		09A7D7032B00EBF2005F8821 /* View */ = {
			isa = PBXGroup;
			children = (
				09A7D7042B00EC03005F8821 /* CreateCaveView.swift */,
				09DE07FF2B04FAEE00D7DF3D /* EmptySeedView.swift */,
				09089A692B03B3E2006C07B8 /* AlertBuilder.swift */,
			);
			path = View;
			sourceTree = "<group>";
		};
		09A7D7082B01E68C005F8821 /* Model */ = {
			isa = PBXGroup;
			children = (
				09A7D7092B01E6A9005F8821 /* CreateCaveModel.swift */,
			);
			path = Model;
			sourceTree = "<group>";
		};
		09CE00E72B0DB0F800CB42C4 /* CreateAction */ = {
			isa = PBXGroup;
			children = (
				09CE00F12B0DB9A100CB42C4 /* Model */,
				09CE00EE2B0DB1EF00CB42C4 /* ViewController */,
				09CE00EB2B0DB1E000CB42C4 /* View */,
				09CE00E82B0DB12100CB42C4 /* ViewModel */,
				092C816E2B3351B6006B0F65 /* Cell */,
			);
			path = CreateAction;
			sourceTree = "<group>";
		};
		09CE00E82B0DB12100CB42C4 /* ViewModel */ = {
			isa = PBXGroup;
			children = (
				09CE00E92B0DB13700CB42C4 /* CreateActionViewModel.swift */,
			);
			path = ViewModel;
			sourceTree = "<group>";
		};
		09CE00EB2B0DB1E000CB42C4 /* View */ = {
			isa = PBXGroup;
			children = (
				09CE00EC2B0DB1EA00CB42C4 /* CreateActionView.swift */,
				09CE00F62B0DBAE800CB42C4 /* InsightView.swift */,
				092C816C2B334E13006B0F65 /* CreateSpecificPlanView .swift */,
			);
			path = View;
			sourceTree = "<group>";
		};
		09CE00EE2B0DB1EF00CB42C4 /* ViewController */ = {
			isa = PBXGroup;
			children = (
				09CE00EF2B0DB1FB00CB42C4 /* CreateActionViewControlller.swift */,
			);
			path = ViewController;
			sourceTree = "<group>";
		};
		09CE00F12B0DB9A100CB42C4 /* Model */ = {
			isa = PBXGroup;
			children = (
				09CE00F42B0DB9CC00CB42C4 /* InsightModel.swift */,
				09CE00F82B0DD3E300CB42C4 /* ActionPlanModel.swift */,
			);
			path = Model;
			sourceTree = "<group>";
		};
		252DD8802B0639FC00DBB1D1 /* Views */ = {
			isa = PBXGroup;
			children = (
				25EAFA5A2B0255BB00283CD8 /* MainTitleBarView.swift */,
				25EAFA5C2B02597800283CD8 /* ActionListSegmentedView.swift */,
			);
			path = Views;
			sourceTree = "<group>";
		};
		252DD8812B0639FE00DBB1D1 /* ViewModels */ = {
			isa = PBXGroup;
			children = (
				252DD8832B063A7900DBB1D1 /* ActionListViewModel.swift */,
			);
			path = ViewModels;
			sourceTree = "<group>";
		};
		252DD8822B0639FF00DBB1D1 /* Controllers */ = {
			isa = PBXGroup;
			children = (
				03B9ACA52AF7B2A200A5751C /* ActionListViewController.swift */,
				25BD951C2B08F6F600E72ADC /* InprogressViewController.swift */,
				25BD951E2B08F73700E72ADC /* CompleteViewController.swift */,
				2568FA172B0DD47E00CAD12A /* ActionListBottomSheetViewController.swift */,
				250F7D742B14624300D9726F /* ActionListReviewViewController.swift */,
				250F7D762B16D01500D9726F /* AlertViewController.swift */,
			);
			path = Controllers;
			sourceTree = "<group>";
		};
		25BD95162B08946D00E72ADC /* Cell */ = {
			isa = PBXGroup;
			children = (
				25BD95172B0894A200E72ADC /* ActionListTableViewCell.swift */,
				250F7D722B145F4C00D9726F /* ActionListCompleteTableViewCell.swift */,
			);
			path = Cell;
			sourceTree = "<group>";
		};
		25BD95192B089B9000E72ADC /* Model */ = {
			isa = PBXGroup;
			children = (
				25BD951A2B089B9900E72ADC /* ActionListModel.swift */,
			);
			path = Model;
			sourceTree = "<group>";
		};
		581D228C2B320BE70068E58D /* NewUITextComponent */ = {
			isa = PBXGroup;
			children = (
				581D228D2B320C630068E58D /* CommonTextFieldWithBorder.swift */,
				581D22932B32EC950068E58D /* CommonTextViewWithBorder.swift */,
				581D22992B3362330068E58D /* CommonCustomNavigationBar.swift */,
				581D229B2B3364BB0068E58D /* EnlargedAreaButton.swift */,
			);
			path = NewUITextComponent;
			sourceTree = "<group>";
		};
		5880F4652B342329004C1494 /* Components */ = {
			isa = PBXGroup;
			children = (
				5880F4662B3423B8004C1494 /* InsightSelectCaveTableViewCell.swift */,
			);
			path = Components;
			sourceTree = "<group>";
		};
		58AB70A82B2C7C240061C072 /* Controllers */ = {
			isa = PBXGroup;
			children = (
				03B9ACA82AF7B2B000A5751C /* MypageViewController.swift */,
			);
			path = Controllers;
			sourceTree = "<group>";
		};
		58AB70A92B2C7C2C0061C072 /* Views */ = {
			isa = PBXGroup;
			children = (
				58AB70AD2B2C88570061C072 /* MyPageThookBoxView.swift */,
				58AB70AF2B2C903D0061C072 /* Components */,
			);
			path = Views;
			sourceTree = "<group>";
		};
		58AB70AA2B2C7C330061C072 /* ViewModels */ = {
			isa = PBXGroup;
			children = (
				58AB70AB2B2C7CC50061C072 /* MyPageViewModel.swift */,
			);
			path = ViewModels;
			sourceTree = "<group>";
		};
		58AB70AF2B2C903D0061C072 /* Components */ = {
			isa = PBXGroup;
			children = (
				58AB70B02B2C90560061C072 /* MyPageListTableViewCell.swift */,
			);
			path = Components;
			sourceTree = "<group>";
		};
		58E75F962B00B14B00512FE2 /* Base */ = {
			isa = PBXGroup;
			children = (
				58E75F972B00B15A00512FE2 /* BaseViewController.swift */,
				58E75F992B00B33F00512FE2 /* BaseView.swift */,
			);
			path = Base;
			sourceTree = "<group>";
		};
		58E75FA12B00BAFC00512FE2 /* Lotties */ = {
			isa = PBXGroup;
			children = (
				58E75FA22B00BB1E00512FE2 /* GrowthookSplashLottie.json */,
			);
			path = Lotties;
			sourceTree = "<group>";
		};
		58E75FA42B00C0C700512FE2 /* Insights */ = {
			isa = PBXGroup;
			children = (
				581D228C2B320BE70068E58D /* NewUITextComponent */,
				58E75FA52B00C0D100512FE2 /* Controllers */,
				58E75FA82B00C11D00512FE2 /* ViewModels */,
				58E75FA72B00C0E400512FE2 /* Views */,
			);
			path = Insights;
			sourceTree = "<group>";
		};
		58E75FA52B00C0D100512FE2 /* Controllers */ = {
			isa = PBXGroup;
			children = (
				58E75FA92B00C15800512FE2 /* CreatingNewInsightsViewController.swift */,
				5880F46A2B342FF7004C1494 /* InsightSelectCaveSheetViewController.swift */,
				5880F46C2B34300D004C1494 /* InsightSelectPeriodSheetViewController.swift */,
			);
			path = Controllers;
			sourceTree = "<group>";
		};
		58E75FA72B00C0E400512FE2 /* Views */ = {
			isa = PBXGroup;
			children = (
				5880F4652B342329004C1494 /* Components */,
				58E75FAD2B00C1F000512FE2 /* CreatingNewInsightsView.swift */,
				582F9C472B304B5E0000D161 /* TextFieldBlockWithTitle.swift */,
				582F9C492B304B720000D161 /* TextViewBlockWithTitle.swift */,
				581D22972B3356150068E58D /* SelectBlockWithTitle.swift */,
			);
			path = Views;
			sourceTree = "<group>";
		};
		58E75FA82B00C11D00512FE2 /* ViewModels */ = {
			isa = PBXGroup;
			children = (
				58E75FAB2B00C16900512FE2 /* InsightsViewModel.swift */,
			);
			path = ViewModels;
			sourceTree = "<group>";
		};
		58EFF5DC2B445AD2003C3838 /* ServiceError */ = {
			isa = PBXGroup;
			children = (
				58EFF5DD2B445AE2003C3838 /* ServiceError.swift */,
			);
			path = ServiceError;
			sourceTree = "<group>";
		};
/* End PBXGroup section */

/* Begin PBXNativeTarget section */
		03E480FB2AF2AFDC002F4CBC /* Growthook */ = {
			isa = PBXNativeTarget;
			buildConfigurationList = 03E481102AF2AFDD002F4CBC /* Build configuration list for PBXNativeTarget "Growthook" */;
			buildPhases = (
				03E480F82AF2AFDC002F4CBC /* Sources */,
				03E480F92AF2AFDC002F4CBC /* Frameworks */,
				03E480FA2AF2AFDC002F4CBC /* Resources */,
			);
			buildRules = (
			);
			dependencies = (
			);
			name = Growthook;
			packageProductDependencies = (
				03E481142AF2B126002F4CBC /* RxCocoa */,
				03E481162AF2B126002F4CBC /* RxRelay */,
				03E481182AF2B126002F4CBC /* RxSwift */,
				03E4811B2AF2B130002F4CBC /* Then */,
				03E4811E2AF2B13A002F4CBC /* SnapKit */,
				03E481212AF2B1DA002F4CBC /* Moya */,
				03E481232AF2B1DA002F4CBC /* RxMoya */,
				58E75F9F2B00B72400512FE2 /* Lottie */,
				03115F7F2B26FB9A009D1517 /* KakaoSDKAuth */,
				03115F812B26FB9A009D1517 /* KakaoSDKUser */,
				03115F832B26FCA8009D1517 /* KakaoSDKAuth */,
				03115F852B26FCA8009D1517 /* KakaoSDKCommon */,
				03115F872B26FCA8009D1517 /* KakaoSDKUser */,
				58AB70B32B2C970E0061C072 /* Kingfisher */,
			);
			productName = Growthook;
			productReference = 03E480FC2AF2AFDC002F4CBC /* Growthook.app */;
			productType = "com.apple.product-type.application";
		};
/* End PBXNativeTarget section */

/* Begin PBXProject section */
		03E480F42AF2AFDC002F4CBC /* Project object */ = {
			isa = PBXProject;
			attributes = {
				BuildIndependentTargetsInParallel = 1;
				LastSwiftUpdateCheck = 1500;
				LastUpgradeCheck = 1500;
				TargetAttributes = {
					03E480FB2AF2AFDC002F4CBC = {
						CreatedOnToolsVersion = 15.0.1;
					};
				};
			};
			buildConfigurationList = 03E480F72AF2AFDC002F4CBC /* Build configuration list for PBXProject "Growthook" */;
			compatibilityVersion = "Xcode 14.0";
			developmentRegion = en;
			hasScannedForEncodings = 0;
			knownRegions = (
				en,
				Base,
			);
			mainGroup = 03E480F32AF2AFDC002F4CBC;
			packageReferences = (
				03E481132AF2B126002F4CBC /* XCRemoteSwiftPackageReference "RxSwift" */,
				03E4811A2AF2B130002F4CBC /* XCRemoteSwiftPackageReference "Then" */,
				03E4811D2AF2B13A002F4CBC /* XCRemoteSwiftPackageReference "SnapKit" */,
				03E481202AF2B1DA002F4CBC /* XCRemoteSwiftPackageReference "Moya" */,
				58E75F9E2B00B72400512FE2 /* XCRemoteSwiftPackageReference "lottie-ios" */,
				03115F7E2B26FB9A009D1517 /* XCRemoteSwiftPackageReference "kakao-ios-sdk" */,
				58AB70B22B2C970E0061C072 /* XCRemoteSwiftPackageReference "Kingfisher" */,
			);
			productRefGroup = 03E480FD2AF2AFDC002F4CBC /* Products */;
			projectDirPath = "";
			projectRoot = "";
			targets = (
				03E480FB2AF2AFDC002F4CBC /* Growthook */,
			);
		};
/* End PBXProject section */

/* Begin PBXResourcesBuildPhase section */
		03E480FA2AF2AFDC002F4CBC /* Resources */ = {
			isa = PBXResourcesBuildPhase;
			buildActionMask = 2147483647;
			files = (
				03E4810C2AF2AFDD002F4CBC /* LaunchScreen.storyboard in Resources */,
				033E9C102AFCE0860051A9E8 /* Image.xcassets in Resources */,
				58E75FA32B00BB1E00512FE2 /* GrowthookSplashLottie.json in Resources */,
				03E481092AF2AFDD002F4CBC /* Assets.xcassets in Resources */,
			);
			runOnlyForDeploymentPostprocessing = 0;
		};
/* End PBXResourcesBuildPhase section */

/* Begin PBXSourcesBuildPhase section */
		03E480F82AF2AFDC002F4CBC /* Sources */ = {
			isa = PBXSourcesBuildPhase;
			buildActionMask = 2147483647;
			files = (
				58EFF5DE2B445AE2003C3838 /* ServiceError.swift in Sources */,
				034580872B2D6B98002DDEBA /* CaveDescriptionView.swift in Sources */,
				03B9AC822AF5658F00A5751C /* FontLiterals.swift in Sources */,
				035DB2AB2B00FF2400161872 /* InsightListCollectionViewCell.swift in Sources */,
				58AB70B12B2C90560061C072 /* MyPageListTableViewCell.swift in Sources */,
				0322137A2B17642E00FF5CF1 /* RemoveInsightAlertView.swift in Sources */,
				03C356632B1069AC00750758 /* CaveListHalfModalCell.swift in Sources */,
				03B9AC952AF566C800A5751C /* BlurredLabel.swift in Sources */,
				03B9AC9D2AF7A9EB00A5751C /* TabBarItem.swift in Sources */,
				035DB2AD2B01041B00161872 /* InsightList.swift in Sources */,
				032213802B177F8E00FF5CF1 /* RemoveInsightViewModel.swift in Sources */,
				033E9C1E2AFE63D40051A9E8 /* HomeViewModel.swift in Sources */,
				58E75FAE2B00C1F000512FE2 /* CreatingNewInsightsView.swift in Sources */,
				58EFF5D92B445A95003C3838 /* Networkable.swift in Sources */,
				581D229C2B3364BB0068E58D /* EnlargedAreaButton.swift in Sources */,
				25EAFA5B2B0255BB00283CD8 /* MainTitleBarView.swift in Sources */,
				03B9AC662AF5630200A5751C /* NSObject+.swift in Sources */,
				034580852B2D6354002DDEBA /* CaveDetailView.swift in Sources */,
				033E9C132AFD2F630051A9E8 /* CustomNavigationBar.swift in Sources */,
				03431ACF2B3D51220017EA52 /* Encodable+.swift in Sources */,
				09A7D7052B00EC03005F8821 /* CreateCaveView.swift in Sources */,
				5880F46B2B342FF7004C1494 /* InsightSelectCaveSheetViewController.swift in Sources */,
				03B9AC5D2AF5614A00A5751C /* URLConstant.swift in Sources */,
				03B9AC882AF565CA00A5751C /* StringLiterals.swift in Sources */,
				03C356612B0F533E00750758 /* CaveListHalfModal.swift in Sources */,
				582F9C482B304B5E0000D161 /* TextFieldBlockWithTitle.swift in Sources */,
				09A7D7002B00DED0005F8821 /* CreateCaveViewModel.swift in Sources */,
				581D22982B3356150068E58D /* SelectBlockWithTitle.swift in Sources */,
				03B9AC842AF565A300A5751C /* ImageLiterals.swift in Sources */,
				581D22902B32A9240068E58D /* Reactive+UITextField.swift in Sources */,
				581D22922B32A92F0068E58D /* Reactive+UIControl.swift in Sources */,
				03B9AC542AF55FF900A5751C /* GeneralResponse.swift in Sources */,
				581D229A2B3362330068E58D /* CommonCustomNavigationBar.swift in Sources */,
				250F7D772B16D01500D9726F /* AlertViewController.swift in Sources */,
				250F7D752B14624300D9726F /* ActionListReviewViewController.swift in Sources */,
				58E75F982B00B15A00512FE2 /* BaseViewController.swift in Sources */,
				5880F4672B3423B8004C1494 /* InsightSelectCaveTableViewCell.swift in Sources */,
				09089A6A2B03B3E2006C07B8 /* AlertBuilder.swift in Sources */,
				0345808C2B2DBC15002DDEBA /* UnLockCaveAlertView.swift in Sources */,
				09CE00F52B0DB9CC00CB42C4 /* InsightModel.swift in Sources */,
				09CE00F02B0DB1FB00CB42C4 /* CreateActionViewControlller.swift in Sources */,
				03B9AC932AF566B300A5751C /* ButtonPress.swift in Sources */,
				092C816D2B334E13006B0F65 /* CreateSpecificPlanView .swift in Sources */,
				034580822B2D628F002DDEBA /* CaveDetailViewController.swift in Sources */,
				03B9AC6C2AF563C200A5751C /* UIColor+.swift in Sources */,
				03B9AC6E2AF563E200A5751C /* UIImage+.swift in Sources */,
				03B9AC702AF563F300A5751C /* UIViewController+.swift in Sources */,
				03C356672B108EB800750758 /* InsightTapViewModel.swift in Sources */,
				58AB70AC2B2C7CC50061C072 /* MyPageViewModel.swift in Sources */,
				581D228E2B320C630068E58D /* CommonTextFieldWithBorder.swift in Sources */,
				03115F8C2B27072A009D1517 /* KakaoLoginViewController.swift in Sources */,
				03B9AC7E2AF5652E00A5751C /* UIButton+.swift in Sources */,
				09DE08002B04FAEE00D7DF3D /* EmptySeedView.swift in Sources */,
				03B9AC742AF5648900A5751C /* UITextView+.swift in Sources */,
				58E75FAC2B00C16900512FE2 /* InsightsViewModel.swift in Sources */,
				58AB70AE2B2C88570061C072 /* MyPageThookBoxView.swift in Sources */,
				58E75FB02B00C59200512FE2 /* UITextViewWithTintedWhenEdited.swift in Sources */,
				092C81702B3351DA006B0F65 /* SpecificPlanCollectionViewCell.swift in Sources */,
				09089A6C2B03B41B006C07B8 /* CustomAlertViewController.swift in Sources */,
				03B9ACA92AF7B2B000A5751C /* MypageViewController.swift in Sources */,
				03B9ACA62AF7B2A200A5751C /* ActionListViewController.swift in Sources */,
				09CE00F72B0DBAE800CB42C4 /* InsightView.swift in Sources */,
				58E75F9D2B00B63C00512FE2 /* SplashViewController.swift in Sources */,
				03B9AC562AF5608900A5751C /* NetworkLoggerPlugin.swift in Sources */,
				03E481002AF2AFDC002F4CBC /* AppDelegate.swift in Sources */,
				09CE00F92B0DD3E300CB42C4 /* ActionPlanModel.swift in Sources */,
				58E75FAA2B00C15800512FE2 /* CreatingNewInsightsViewController.swift in Sources */,
				03E481022AF2AFDC002F4CBC /* SceneDelegate.swift in Sources */,
				03B9AC5B2AF5610D00A5751C /* APIConstant.swift in Sources */,
				25BD951F2B08F73700E72ADC /* CompleteViewController.swift in Sources */,
				035DB2A72B00E6F200161872 /* InsightListView.swift in Sources */,
				25BD95182B0894A200E72ADC /* ActionListTableViewCell.swift in Sources */,
				03B9AC7C2AF5651600A5751C /* UITabBar+.swift in Sources */,
				25BD951B2B089B9900E72ADC /* ActionListModel.swift in Sources */,
				03B9AC862AF565BA00A5751C /* SizeLiterals.swift in Sources */,
				0345808A2B2D717D002DDEBA /* CaveDetailViewModel.swift in Sources */,
				03B9ACA12AF7B25B00A5751C /* HomeViewController.swift in Sources */,
				252DD8842B063A7900DBB1D1 /* ActionListViewModel.swift in Sources */,
				03B9AC912AF5669600A5751C /* MakeAlert.swift in Sources */,
				03B9AC9B2AF7A96000A5751C /* TabBarController.swift in Sources */,
				032213822B17960700FF5CF1 /* NotificationAlertView.swift in Sources */,
				584EDAD72B4A57E60094872A /* Observable+.swift in Sources */,
				58EFF5DB2B445AB6003C3838 /* BaseTargetType.swift in Sources */,
				03B9AC602AF561AD00A5751C /* API.swift in Sources */,
				582F9C4A2B304B720000D161 /* TextViewBlockWithTitle.swift in Sources */,
				2568FA182B0DD47E00CAD12A /* ActionListBottomSheetViewController.swift in Sources */,
				25BD951D2B08F6F600E72ADC /* InprogressViewController.swift in Sources */,
				581D22942B32EC950068E58D /* CommonTextViewWithBorder.swift in Sources */,
				09A7D6FD2B00DE9C005F8821 /* CreateCaveViewController.swift in Sources */,
				03B9AC642AF562D000A5751C /* UIView+.swift in Sources */,
				032213322B14C4EF00FF5CF1 /* UnLockInsightAlertView.swift in Sources */,
				03B9AC682AF5635800A5751C /* String+.swift in Sources */,
				033E9C202AFE725D0051A9E8 /* CaveProfile.swift in Sources */,
				03B9AC7A2AF564FC00A5751C /* UITableView+.swift in Sources */,
				032213A52B1C54EB00FF5CF1 /* ScrapOnlyButton.swift in Sources */,
				03C3565F2B0B702900750758 /* InsightTapBottomSheet.swift in Sources */,
				03B9AC762AF564AE00A5751C /* UIStackView+.swift in Sources */,
				03B9AC8F2AF5667300A5751C /* MakeVibrate.swift in Sources */,
				58E75FB22B00CF2100512FE2 /* UITextFieldWithTintedWhenEdited.swift in Sources */,
				09A7D70A2B01E6A9005F8821 /* CreateCaveModel.swift in Sources */,
				03B9AC592AF560D800A5751C /* Config.swift in Sources */,
				03B9AC8D2AF5663C00A5751C /* Font.swift in Sources */,
				09CE00EA2B0DB13700CB42C4 /* CreateActionViewModel.swift in Sources */,
				09DE08022B04FDF800D7DF3D /* EmptyViewController.swift in Sources */,
				03B9AC722AF5646000A5751C /* UITextField+.swift in Sources */,
				033E9C1B2AFE606E0051A9E8 /* CaveCollectionViewCell.swift in Sources */,
				03C356652B106AC800750758 /* CaveListViewModel.swift in Sources */,
				03B9AC782AF564C400A5751C /* UILabel+.swift in Sources */,
				250F7D732B145F4C00D9726F /* ActionListCompleteTableViewCell.swift in Sources */,
				03B9AC6A2AF5638700A5751C /* UIResponder+.swift in Sources */,
				03B9AC802AF5657500A5751C /* ColorLiterals.swift in Sources */,
				5880F46D2B34300D004C1494 /* InsightSelectPeriodSheetViewController.swift in Sources */,
				09CE00ED2B0DB1EA00CB42C4 /* CreateActionView.swift in Sources */,
				034580972B36E343002DDEBA /* UICollectionView+.swift in Sources */,
				033E9C182AFE33A80051A9E8 /* HomeCaveView.swift in Sources */,
				0322137E2B17731E00FF5CF1 /* RemoveInsightAlertViewController.swift in Sources */,
				58E75F9A2B00B33F00512FE2 /* BaseView.swift in Sources */,
				25EAFA5D2B02597800283CD8 /* ActionListSegmentedView.swift in Sources */,
				09A7D7022B00DFC6005F8821 /* BottomCTAButton.swift in Sources */,
				03B9AC622AF5624D00A5751C /* DTO.swift in Sources */,
				03B9AC8B2AF5660D00A5751C /* Protocol.swift in Sources */,
			);
			runOnlyForDeploymentPostprocessing = 0;
		};
/* End PBXSourcesBuildPhase section */

/* Begin PBXVariantGroup section */
		03E4810A2AF2AFDD002F4CBC /* LaunchScreen.storyboard */ = {
			isa = PBXVariantGroup;
			children = (
				03E4810B2AF2AFDD002F4CBC /* Base */,
			);
			name = LaunchScreen.storyboard;
			sourceTree = "<group>";
		};
/* End PBXVariantGroup section */

/* Begin XCBuildConfiguration section */
		03E4810E2AF2AFDD002F4CBC /* Debug */ = {
			isa = XCBuildConfiguration;
			buildSettings = {
				ALWAYS_SEARCH_USER_PATHS = NO;
				ASSETCATALOG_COMPILER_GENERATE_SWIFT_ASSET_SYMBOL_EXTENSIONS = YES;
				CLANG_ANALYZER_NONNULL = YES;
				CLANG_ANALYZER_NUMBER_OBJECT_CONVERSION = YES_AGGRESSIVE;
				CLANG_CXX_LANGUAGE_STANDARD = "gnu++20";
				CLANG_ENABLE_MODULES = YES;
				CLANG_ENABLE_OBJC_ARC = YES;
				CLANG_ENABLE_OBJC_WEAK = YES;
				CLANG_WARN_BLOCK_CAPTURE_AUTORELEASING = YES;
				CLANG_WARN_BOOL_CONVERSION = YES;
				CLANG_WARN_COMMA = YES;
				CLANG_WARN_CONSTANT_CONVERSION = YES;
				CLANG_WARN_DEPRECATED_OBJC_IMPLEMENTATIONS = YES;
				CLANG_WARN_DIRECT_OBJC_ISA_USAGE = YES_ERROR;
				CLANG_WARN_DOCUMENTATION_COMMENTS = YES;
				CLANG_WARN_EMPTY_BODY = YES;
				CLANG_WARN_ENUM_CONVERSION = YES;
				CLANG_WARN_INFINITE_RECURSION = YES;
				CLANG_WARN_INT_CONVERSION = YES;
				CLANG_WARN_NON_LITERAL_NULL_CONVERSION = YES;
				CLANG_WARN_OBJC_IMPLICIT_RETAIN_SELF = YES;
				CLANG_WARN_OBJC_LITERAL_CONVERSION = YES;
				CLANG_WARN_OBJC_ROOT_CLASS = YES_ERROR;
				CLANG_WARN_QUOTED_INCLUDE_IN_FRAMEWORK_HEADER = YES;
				CLANG_WARN_RANGE_LOOP_ANALYSIS = YES;
				CLANG_WARN_STRICT_PROTOTYPES = YES;
				CLANG_WARN_SUSPICIOUS_MOVE = YES;
				CLANG_WARN_UNGUARDED_AVAILABILITY = YES_AGGRESSIVE;
				CLANG_WARN_UNREACHABLE_CODE = YES;
				CLANG_WARN__DUPLICATE_METHOD_MATCH = YES;
				COPY_PHASE_STRIP = NO;
				DEBUG_INFORMATION_FORMAT = dwarf;
				ENABLE_STRICT_OBJC_MSGSEND = YES;
				ENABLE_TESTABILITY = YES;
				ENABLE_USER_SCRIPT_SANDBOXING = YES;
				GCC_C_LANGUAGE_STANDARD = gnu17;
				GCC_DYNAMIC_NO_PIC = NO;
				GCC_NO_COMMON_BLOCKS = YES;
				GCC_OPTIMIZATION_LEVEL = 0;
				GCC_PREPROCESSOR_DEFINITIONS = (
					"DEBUG=1",
					"$(inherited)",
				);
				GCC_WARN_64_TO_32_BIT_CONVERSION = YES;
				GCC_WARN_ABOUT_RETURN_TYPE = YES_ERROR;
				GCC_WARN_UNDECLARED_SELECTOR = YES;
				GCC_WARN_UNINITIALIZED_AUTOS = YES_AGGRESSIVE;
				GCC_WARN_UNUSED_FUNCTION = YES;
				GCC_WARN_UNUSED_VARIABLE = YES;
				IPHONEOS_DEPLOYMENT_TARGET = 16.0;
				LOCALIZATION_PREFERS_STRING_CATALOGS = YES;
				MTL_ENABLE_DEBUG_INFO = INCLUDE_SOURCE;
				MTL_FAST_MATH = YES;
				ONLY_ACTIVE_ARCH = YES;
				SDKROOT = iphoneos;
				SWIFT_ACTIVE_COMPILATION_CONDITIONS = "DEBUG $(inherited)";
				SWIFT_OPTIMIZATION_LEVEL = "-Onone";
			};
			name = Debug;
		};
		03E4810F2AF2AFDD002F4CBC /* Release */ = {
			isa = XCBuildConfiguration;
			buildSettings = {
				ALWAYS_SEARCH_USER_PATHS = NO;
				ASSETCATALOG_COMPILER_GENERATE_SWIFT_ASSET_SYMBOL_EXTENSIONS = YES;
				CLANG_ANALYZER_NONNULL = YES;
				CLANG_ANALYZER_NUMBER_OBJECT_CONVERSION = YES_AGGRESSIVE;
				CLANG_CXX_LANGUAGE_STANDARD = "gnu++20";
				CLANG_ENABLE_MODULES = YES;
				CLANG_ENABLE_OBJC_ARC = YES;
				CLANG_ENABLE_OBJC_WEAK = YES;
				CLANG_WARN_BLOCK_CAPTURE_AUTORELEASING = YES;
				CLANG_WARN_BOOL_CONVERSION = YES;
				CLANG_WARN_COMMA = YES;
				CLANG_WARN_CONSTANT_CONVERSION = YES;
				CLANG_WARN_DEPRECATED_OBJC_IMPLEMENTATIONS = YES;
				CLANG_WARN_DIRECT_OBJC_ISA_USAGE = YES_ERROR;
				CLANG_WARN_DOCUMENTATION_COMMENTS = YES;
				CLANG_WARN_EMPTY_BODY = YES;
				CLANG_WARN_ENUM_CONVERSION = YES;
				CLANG_WARN_INFINITE_RECURSION = YES;
				CLANG_WARN_INT_CONVERSION = YES;
				CLANG_WARN_NON_LITERAL_NULL_CONVERSION = YES;
				CLANG_WARN_OBJC_IMPLICIT_RETAIN_SELF = YES;
				CLANG_WARN_OBJC_LITERAL_CONVERSION = YES;
				CLANG_WARN_OBJC_ROOT_CLASS = YES_ERROR;
				CLANG_WARN_QUOTED_INCLUDE_IN_FRAMEWORK_HEADER = YES;
				CLANG_WARN_RANGE_LOOP_ANALYSIS = YES;
				CLANG_WARN_STRICT_PROTOTYPES = YES;
				CLANG_WARN_SUSPICIOUS_MOVE = YES;
				CLANG_WARN_UNGUARDED_AVAILABILITY = YES_AGGRESSIVE;
				CLANG_WARN_UNREACHABLE_CODE = YES;
				CLANG_WARN__DUPLICATE_METHOD_MATCH = YES;
				COPY_PHASE_STRIP = NO;
				DEBUG_INFORMATION_FORMAT = "dwarf-with-dsym";
				ENABLE_NS_ASSERTIONS = NO;
				ENABLE_STRICT_OBJC_MSGSEND = YES;
				ENABLE_USER_SCRIPT_SANDBOXING = YES;
				GCC_C_LANGUAGE_STANDARD = gnu17;
				GCC_NO_COMMON_BLOCKS = YES;
				GCC_WARN_64_TO_32_BIT_CONVERSION = YES;
				GCC_WARN_ABOUT_RETURN_TYPE = YES_ERROR;
				GCC_WARN_UNDECLARED_SELECTOR = YES;
				GCC_WARN_UNINITIALIZED_AUTOS = YES_AGGRESSIVE;
				GCC_WARN_UNUSED_FUNCTION = YES;
				GCC_WARN_UNUSED_VARIABLE = YES;
				IPHONEOS_DEPLOYMENT_TARGET = 16.0;
				LOCALIZATION_PREFERS_STRING_CATALOGS = YES;
				MTL_ENABLE_DEBUG_INFO = NO;
				MTL_FAST_MATH = YES;
				SDKROOT = iphoneos;
				SWIFT_COMPILATION_MODE = wholemodule;
				VALIDATE_PRODUCT = YES;
			};
			name = Release;
		};
		03E481112AF2AFDD002F4CBC /* Debug */ = {
			isa = XCBuildConfiguration;
			buildSettings = {
				ASSETCATALOG_COMPILER_APPICON_NAME = AppIcon;
				ASSETCATALOG_COMPILER_GLOBAL_ACCENT_COLOR_NAME = AccentColor;
				BASE_URL = "http://3.35.58.218:8080";
				CODE_SIGN_STYLE = Automatic;
				CURRENT_PROJECT_VERSION = 1;
				DEVELOPMENT_TEAM = "";
				GENERATE_INFOPLIST_FILE = YES;
				INFOPLIST_FILE = Growthook/Info.plist;
				INFOPLIST_KEY_CFBundleDisplayName = Growthook;
				INFOPLIST_KEY_UIApplicationSupportsIndirectInputEvents = YES;
				INFOPLIST_KEY_UILaunchStoryboardName = LaunchScreen;
				INFOPLIST_KEY_UISupportedInterfaceOrientations = UIInterfaceOrientationPortrait;
				INFOPLIST_KEY_UISupportedInterfaceOrientations_iPad = "UIInterfaceOrientationLandscapeLeft UIInterfaceOrientationLandscapeRight UIInterfaceOrientationPortrait UIInterfaceOrientationPortraitUpsideDown";
				INFOPLIST_KEY_UIUserInterfaceStyle = Dark;
				IPHONEOS_DEPLOYMENT_TARGET = 16.0;
				LD_RUNPATH_SEARCH_PATHS = (
					"$(inherited)",
					"@executable_path/Frameworks",
				);
				MARKETING_VERSION = 1.0.0;
				PRODUCT_BUNDLE_IDENTIFIER = Growthook.mj;
				PRODUCT_NAME = "$(TARGET_NAME)";
				SUPPORTED_PLATFORMS = "iphoneos iphonesimulator";
				SUPPORTS_MACCATALYST = NO;
				SUPPORTS_MAC_DESIGNED_FOR_IPHONE_IPAD = NO;
				SWIFT_EMIT_LOC_STRINGS = YES;
				SWIFT_VERSION = 5.0;
				TARGETED_DEVICE_FAMILY = 1;
			};
			name = Debug;
		};
		03E481122AF2AFDD002F4CBC /* Release */ = {
			isa = XCBuildConfiguration;
			buildSettings = {
				ASSETCATALOG_COMPILER_APPICON_NAME = AppIcon;
				ASSETCATALOG_COMPILER_GLOBAL_ACCENT_COLOR_NAME = AccentColor;
				BASE_URL = "http://3.35.58.218:8080";
				CODE_SIGN_STYLE = Automatic;
				CURRENT_PROJECT_VERSION = 1;
				DEVELOPMENT_TEAM = "";
				GENERATE_INFOPLIST_FILE = YES;
				INFOPLIST_FILE = Growthook/Info.plist;
				INFOPLIST_KEY_CFBundleDisplayName = Growthook;
				INFOPLIST_KEY_UIApplicationSupportsIndirectInputEvents = YES;
				INFOPLIST_KEY_UILaunchStoryboardName = LaunchScreen;
				INFOPLIST_KEY_UISupportedInterfaceOrientations = UIInterfaceOrientationPortrait;
				INFOPLIST_KEY_UISupportedInterfaceOrientations_iPad = "UIInterfaceOrientationLandscapeLeft UIInterfaceOrientationLandscapeRight UIInterfaceOrientationPortrait UIInterfaceOrientationPortraitUpsideDown";
				INFOPLIST_KEY_UIUserInterfaceStyle = Dark;
				IPHONEOS_DEPLOYMENT_TARGET = 16.0;
				LD_RUNPATH_SEARCH_PATHS = (
					"$(inherited)",
					"@executable_path/Frameworks",
				);
				MARKETING_VERSION = 1.0.0;
				PRODUCT_BUNDLE_IDENTIFIER = Growthook.mj;
				PRODUCT_NAME = "$(TARGET_NAME)";
				SUPPORTED_PLATFORMS = "iphoneos iphonesimulator";
				SUPPORTS_MACCATALYST = NO;
				SUPPORTS_MAC_DESIGNED_FOR_IPHONE_IPAD = NO;
				SWIFT_EMIT_LOC_STRINGS = YES;
				SWIFT_VERSION = 5.0;
				TARGETED_DEVICE_FAMILY = 1;
			};
			name = Release;
		};
/* End XCBuildConfiguration section */

/* Begin XCConfigurationList section */
		03E480F72AF2AFDC002F4CBC /* Build configuration list for PBXProject "Growthook" */ = {
			isa = XCConfigurationList;
			buildConfigurations = (
				03E4810E2AF2AFDD002F4CBC /* Debug */,
				03E4810F2AF2AFDD002F4CBC /* Release */,
			);
			defaultConfigurationIsVisible = 0;
			defaultConfigurationName = Release;
		};
		03E481102AF2AFDD002F4CBC /* Build configuration list for PBXNativeTarget "Growthook" */ = {
			isa = XCConfigurationList;
			buildConfigurations = (
				03E481112AF2AFDD002F4CBC /* Debug */,
				03E481122AF2AFDD002F4CBC /* Release */,
			);
			defaultConfigurationIsVisible = 0;
			defaultConfigurationName = Release;
		};
/* End XCConfigurationList section */

/* Begin XCRemoteSwiftPackageReference section */
		03115F7E2B26FB9A009D1517 /* XCRemoteSwiftPackageReference "kakao-ios-sdk" */ = {
			isa = XCRemoteSwiftPackageReference;
			repositoryURL = "https://github.com/kakao/kakao-ios-sdk";
			requirement = {
				kind = upToNextMajorVersion;
				minimumVersion = 2.19.0;
			};
		};
		03E481132AF2B126002F4CBC /* XCRemoteSwiftPackageReference "RxSwift" */ = {
			isa = XCRemoteSwiftPackageReference;
			repositoryURL = "https://github.com/ReactiveX/RxSwift";
			requirement = {
				kind = upToNextMajorVersion;
				minimumVersion = 6.6.0;
			};
		};
		03E4811A2AF2B130002F4CBC /* XCRemoteSwiftPackageReference "Then" */ = {
			isa = XCRemoteSwiftPackageReference;
			repositoryURL = "https://github.com/devxoul/Then";
			requirement = {
				kind = upToNextMajorVersion;
				minimumVersion = 3.0.0;
			};
		};
		03E4811D2AF2B13A002F4CBC /* XCRemoteSwiftPackageReference "SnapKit" */ = {
			isa = XCRemoteSwiftPackageReference;
			repositoryURL = "https://github.com/SnapKit/SnapKit";
			requirement = {
				kind = upToNextMajorVersion;
				minimumVersion = 5.6.0;
			};
		};
		03E481202AF2B1DA002F4CBC /* XCRemoteSwiftPackageReference "Moya" */ = {
			isa = XCRemoteSwiftPackageReference;
			repositoryURL = "https://github.com/Moya/Moya";
			requirement = {
				kind = upToNextMajorVersion;
				minimumVersion = 15.0.3;
			};
		};
		58AB70B22B2C970E0061C072 /* XCRemoteSwiftPackageReference "Kingfisher" */ = {
			isa = XCRemoteSwiftPackageReference;
			repositoryURL = "https://github.com/onevcat/Kingfisher";
			requirement = {
				kind = upToNextMajorVersion;
				minimumVersion = 7.10.1;
			};
		};
		58E75F9E2B00B72400512FE2 /* XCRemoteSwiftPackageReference "lottie-ios" */ = {
			isa = XCRemoteSwiftPackageReference;
			repositoryURL = "https://github.com/airbnb/lottie-ios";
			requirement = {
				kind = upToNextMajorVersion;
				minimumVersion = 4.3.3;
			};
		};
/* End XCRemoteSwiftPackageReference section */

/* Begin XCSwiftPackageProductDependency section */
		03115F7F2B26FB9A009D1517 /* KakaoSDKAuth */ = {
			isa = XCSwiftPackageProductDependency;
			package = 03115F7E2B26FB9A009D1517 /* XCRemoteSwiftPackageReference "kakao-ios-sdk" */;
			productName = KakaoSDKAuth;
		};
		03115F812B26FB9A009D1517 /* KakaoSDKUser */ = {
			isa = XCSwiftPackageProductDependency;
			package = 03115F7E2B26FB9A009D1517 /* XCRemoteSwiftPackageReference "kakao-ios-sdk" */;
			productName = KakaoSDKUser;
		};
		03115F832B26FCA8009D1517 /* KakaoSDKAuth */ = {
			isa = XCSwiftPackageProductDependency;
			package = 03115F7E2B26FB9A009D1517 /* XCRemoteSwiftPackageReference "kakao-ios-sdk" */;
			productName = KakaoSDKAuth;
		};
		03115F852B26FCA8009D1517 /* KakaoSDKCommon */ = {
			isa = XCSwiftPackageProductDependency;
			package = 03115F7E2B26FB9A009D1517 /* XCRemoteSwiftPackageReference "kakao-ios-sdk" */;
			productName = KakaoSDKCommon;
		};
		03115F872B26FCA8009D1517 /* KakaoSDKUser */ = {
			isa = XCSwiftPackageProductDependency;
			package = 03115F7E2B26FB9A009D1517 /* XCRemoteSwiftPackageReference "kakao-ios-sdk" */;
			productName = KakaoSDKUser;
		};
		03E481142AF2B126002F4CBC /* RxCocoa */ = {
			isa = XCSwiftPackageProductDependency;
			package = 03E481132AF2B126002F4CBC /* XCRemoteSwiftPackageReference "RxSwift" */;
			productName = RxCocoa;
		};
		03E481162AF2B126002F4CBC /* RxRelay */ = {
			isa = XCSwiftPackageProductDependency;
			package = 03E481132AF2B126002F4CBC /* XCRemoteSwiftPackageReference "RxSwift" */;
			productName = RxRelay;
		};
		03E481182AF2B126002F4CBC /* RxSwift */ = {
			isa = XCSwiftPackageProductDependency;
			package = 03E481132AF2B126002F4CBC /* XCRemoteSwiftPackageReference "RxSwift" */;
			productName = RxSwift;
		};
		03E4811B2AF2B130002F4CBC /* Then */ = {
			isa = XCSwiftPackageProductDependency;
			package = 03E4811A2AF2B130002F4CBC /* XCRemoteSwiftPackageReference "Then" */;
			productName = Then;
		};
		03E4811E2AF2B13A002F4CBC /* SnapKit */ = {
			isa = XCSwiftPackageProductDependency;
			package = 03E4811D2AF2B13A002F4CBC /* XCRemoteSwiftPackageReference "SnapKit" */;
			productName = SnapKit;
		};
		03E481212AF2B1DA002F4CBC /* Moya */ = {
			isa = XCSwiftPackageProductDependency;
			package = 03E481202AF2B1DA002F4CBC /* XCRemoteSwiftPackageReference "Moya" */;
			productName = Moya;
		};
		03E481232AF2B1DA002F4CBC /* RxMoya */ = {
			isa = XCSwiftPackageProductDependency;
			package = 03E481202AF2B1DA002F4CBC /* XCRemoteSwiftPackageReference "Moya" */;
			productName = RxMoya;
		};
		58AB70B32B2C970E0061C072 /* Kingfisher */ = {
			isa = XCSwiftPackageProductDependency;
			package = 58AB70B22B2C970E0061C072 /* XCRemoteSwiftPackageReference "Kingfisher" */;
			productName = Kingfisher;
		};
		58E75F9F2B00B72400512FE2 /* Lottie */ = {
			isa = XCSwiftPackageProductDependency;
			package = 58E75F9E2B00B72400512FE2 /* XCRemoteSwiftPackageReference "lottie-ios" */;
			productName = Lottie;
		};
/* End XCSwiftPackageProductDependency section */
	};
	rootObject = 03E480F42AF2AFDC002F4CBC /* Project object */;
}
